// !$*UTF8*$!
{
	archiveVersion = 1;
	classes = {
	};
	objectVersion = 45;
	objects = {

/* Begin PBXBuildFile section */
		1D3623260D0F684500981E51 /* AppDelegate.m in Sources */ = {isa = PBXBuildFile; fileRef = 1D3623250D0F684500981E51 /* AppDelegate.m */; };
		1D60589B0D05DD56006BFB54 /* main.m in Sources */ = {isa = PBXBuildFile; fileRef = 29B97316FDCFA39411CA2CEA /* main.m */; };
		1D60589F0D05DD5A006BFB54 /* Foundation.framework in Frameworks */ = {isa = PBXBuildFile; fileRef = 1D30AB110D05D00D00671497 /* Foundation.framework */; };
		1DF5F4E00D08C38300B7A737 /* UIKit.framework in Frameworks */ = {isa = PBXBuildFile; fileRef = 1DF5F4DF0D08C38300B7A737 /* UIKit.framework */; };
		288765A50DF7441C002DB57D /* CoreGraphics.framework in Frameworks */ = {isa = PBXBuildFile; fileRef = 288765A40DF7441C002DB57D /* CoreGraphics.framework */; };
		3702756C11FD254E002C341B /* Cartoon_thumb.png in Resources */ = {isa = PBXBuildFile; fileRef = 3702755C11FD254E002C341B /* Cartoon_thumb.png */; };
		3702756D11FD254E002C341B /* Edge_thumb.png in Resources */ = {isa = PBXBuildFile; fileRef = 3702755D11FD254E002C341B /* Edge_thumb.png */; };
		3702756E11FD254E002C341B /* Emboss_thumb.png in Resources */ = {isa = PBXBuildFile; fileRef = 3702755E11FD254E002C341B /* Emboss_thumb.png */; };
		3702756F11FD254E002C341B /* Glow_thumb.png in Resources */ = {isa = PBXBuildFile; fileRef = 3702755F11FD254E002C341B /* Glow_thumb.png */; };
		3702757311FD254E002C341B /* Motion Blur_thumb.png in Resources */ = {isa = PBXBuildFile; fileRef = 3702756311FD254E002C341B /* Motion Blur_thumb.png */; };
		3702757411FD254E002C341B /* Newspaper_thumb.png in Resources */ = {isa = PBXBuildFile; fileRef = 3702756411FD254E002C341B /* Newspaper_thumb.png */; };
		3702757611FD254E002C341B /* Posterize_thumb.png in Resources */ = {isa = PBXBuildFile; fileRef = 3702756611FD254E002C341B /* Posterize_thumb.png */; };
		3702757711FD254E002C341B /* Sepia_thumb.png in Resources */ = {isa = PBXBuildFile; fileRef = 3702756711FD254E002C341B /* Sepia_thumb.png */; };
		3702757811FD254E002C341B /* Sketch_thumb.png in Resources */ = {isa = PBXBuildFile; fileRef = 3702756811FD254E002C341B /* Sketch_thumb.png */; };
		3702757911FD254E002C341B /* Spectrum_thumb.png in Resources */ = {isa = PBXBuildFile; fileRef = 3702756911FD254E002C341B /* Spectrum_thumb.png */; };
		3702757A11FD254E002C341B /* Squeeze_thumb.png in Resources */ = {isa = PBXBuildFile; fileRef = 3702756A11FD254E002C341B /* Squeeze_thumb.png */; };
		3702757B11FD254E002C341B /* Stretch_thumb.png in Resources */ = {isa = PBXBuildFile; fileRef = 3702756B11FD254E002C341B /* Stretch_thumb.png */; };
		3702758011FD25DD002C341B /* ThumbnailCache.m in Sources */ = {isa = PBXBuildFile; fileRef = 3702757F11FD25DD002C341B /* ThumbnailCache.m */; };
		3702762111FD48AC002C341B /* Black and White_thumb.png in Resources */ = {isa = PBXBuildFile; fileRef = 3702761D11FD48AC002C341B /* Black and White_thumb.png */; };
		3702762211FD48AC002C341B /* Film_thumb.png in Resources */ = {isa = PBXBuildFile; fileRef = 3702761E11FD48AC002C341B /* Film_thumb.png */; };
		3702762311FD48AC002C341B /* Heat Sensor_thumb.png in Resources */ = {isa = PBXBuildFile; fileRef = 3702761F11FD48AC002C341B /* Heat Sensor_thumb.png */; };
		3702762411FD48AC002C341B /* Negative_thumb.png in Resources */ = {isa = PBXBuildFile; fileRef = 3702762011FD48AC002C341B /* Negative_thumb.png */; };
		3702768811FD61EF002C341B /* Icon_57.png in Resources */ = {isa = PBXBuildFile; fileRef = 3702768711FD61EF002C341B /* Icon_57.png */; };
		370276B411FD70FA002C341B /* toggleCameraButton.png in Resources */ = {isa = PBXBuildFile; fileRef = 370276B311FD70FA002C341B /* toggleCameraButton.png */; };
		37027825120156BF002C341B /* splash.png in Resources */ = {isa = PBXBuildFile; fileRef = 37027824120156BF002C341B /* splash.png */; };
		37027878120162E7002C341B /* libFlurry.a in Frameworks */ = {isa = PBXBuildFile; fileRef = 37027877120162E7002C341B /* libFlurry.a */; };
		370278EE1204103D002C341B /* mirror.fsh in Resources */ = {isa = PBXBuildFile; fileRef = 370278EA12040F30002C341B /* mirror.fsh */; };
		3702791312041285002C341B /* Mirror_thumb.png in Resources */ = {isa = PBXBuildFile; fileRef = 3702791212041285002C341B /* Mirror_thumb.png */; };
		3702793B12041462002C341B /* None_thumb.png in Resources */ = {isa = PBXBuildFile; fileRef = 3702793A12041462002C341B /* None_thumb.png */; };
		37027E5B11DDD68E00B201CD /* PosterizeEffect.m in Sources */ = {isa = PBXBuildFile; fileRef = 37027E5A11DDD68E00B201CD /* PosterizeEffect.m */; };
		370334101217E8B5004B132B /* libOAuth.a in Frameworks */ = {isa = PBXBuildFile; fileRef = 370333891217E659004B132B /* libOAuth.a */; };
		370334111217E8B8004B132B /* OAuthResources.bundle in Resources */ = {isa = PBXBuildFile; fileRef = 3703338B1217E659004B132B /* OAuthResources.bundle */; };
		370334AE1217EC0F004B132B /* CFNetwork.framework in Frameworks */ = {isa = PBXBuildFile; fileRef = 370334AD1217EC0F004B132B /* CFNetwork.framework */; };
		370334B41217EC28004B132B /* libz.1.2.3.dylib in Frameworks */ = {isa = PBXBuildFile; fileRef = 370334B31217EC28004B132B /* libz.1.2.3.dylib */; };
		370334B81217EC44004B132B /* MobileCoreServices.framework in Frameworks */ = {isa = PBXBuildFile; fileRef = 370334B71217EC44004B132B /* MobileCoreServices.framework */; };
		370335AB1217F0BD004B132B /* libSBJson.a in Frameworks */ = {isa = PBXBuildFile; fileRef = 370335AA1217F0B9004B132B /* libSBJson.a */; };
		371C057711D81A9A001A3C67 /* EffectManager.m in Sources */ = {isa = PBXBuildFile; fileRef = 371C057611D81A9A001A3C67 /* EffectManager.m */; };
		371C081A11D84EE1001A3C67 /* AVFoundation.framework in Frameworks */ = {isa = PBXBuildFile; fileRef = 371C081911D84EE1001A3C67 /* AVFoundation.framework */; };
		371C082011D84EF5001A3C67 /* CoreVideo.framework in Frameworks */ = {isa = PBXBuildFile; fileRef = 371C081F11D84EF5001A3C67 /* CoreVideo.framework */; };
		371C087811D850B0001A3C67 /* CoreMedia.framework in Frameworks */ = {isa = PBXBuildFile; fileRef = 371C087711D850B0001A3C67 /* CoreMedia.framework */; };
		371C092211D86ABF001A3C67 /* TextureRenderer.m in Sources */ = {isa = PBXBuildFile; fileRef = 3745296011D750D000F4AB63 /* TextureRenderer.m */; };
		3740CCB8121A5D2E000553D0 /* emailButton.png in Resources */ = {isa = PBXBuildFile; fileRef = 3740CCB5121A5D2E000553D0 /* emailButton.png */; };
		3740CCB9121A5D2E000553D0 /* facebookButton.png in Resources */ = {isa = PBXBuildFile; fileRef = 3740CCB6121A5D2E000553D0 /* facebookButton.png */; };
		3740CCBA121A5D2E000553D0 /* twitterButton.png in Resources */ = {isa = PBXBuildFile; fileRef = 3740CCB7121A5D2E000553D0 /* twitterButton.png */; };
		3740CCCA121A62DD000553D0 /* Watermarker.m in Sources */ = {isa = PBXBuildFile; fileRef = 3740CCC9121A62DD000553D0 /* Watermarker.m */; };
		3740CE18121A816F000553D0 /* SocialInfoViewController.m in Sources */ = {isa = PBXBuildFile; fileRef = 3740CE16121A816F000553D0 /* SocialInfoViewController.m */; };
		3740CE1B121A81BF000553D0 /* SocialInfoView.xib in Resources */ = {isa = PBXBuildFile; fileRef = 3740CE1A121A81BF000553D0 /* SocialInfoView.xib */; };
		3740CF4D121AF806000553D0 /* FBDialog.bundle in Resources */ = {isa = PBXBuildFile; fileRef = 3740CF4C121AF806000553D0 /* FBDialog.bundle */; };
		3740D032121B6473000553D0 /* MessageUI.framework in Frameworks */ = {isa = PBXBuildFile; fileRef = 3740D031121B6473000553D0 /* MessageUI.framework */; };
		3740D154121B7EF3000553D0 /* clearButton.png in Resources */ = {isa = PBXBuildFile; fileRef = 3740D153121B7EF3000553D0 /* clearButton.png */; };
		3745296611D750D000F4AB63 /* RenderView.m in Sources */ = {isa = PBXBuildFile; fileRef = 3745295E11D750D000F4AB63 /* RenderView.m */; };
		3745296811D750D000F4AB63 /* matrix.c in Sources */ = {isa = PBXBuildFile; fileRef = 3745296211D750D000F4AB63 /* matrix.c */; };
		3745296911D750D000F4AB63 /* Shaders.m in Sources */ = {isa = PBXBuildFile; fileRef = 3745296511D750D000F4AB63 /* Shaders.m */; };
		3745297411D7510E00F4AB63 /* OpenGLES.framework in Frameworks */ = {isa = PBXBuildFile; fileRef = 3745297311D7510E00F4AB63 /* OpenGLES.framework */; };
		3745298311D7512700F4AB63 /* QuartzCore.framework in Frameworks */ = {isa = PBXBuildFile; fileRef = 3745298211D7512700F4AB63 /* QuartzCore.framework */; };
		37452B6B11D802EE00F4AB63 /* GLUtils.c in Sources */ = {isa = PBXBuildFile; fileRef = 37452B6A11D802EE00F4AB63 /* GLUtils.c */; };
		37452BFB11D8099C00F4AB63 /* ImageUtils.m in Sources */ = {isa = PBXBuildFile; fileRef = 37452BFA11D8099C00F4AB63 /* ImageUtils.m */; };
		3759F93711EEC56B00C8696F /* SystemConfiguration.framework in Frameworks */ = {isa = PBXBuildFile; fileRef = 3759F93611EEC56B00C8696F /* SystemConfiguration.framework */; };
		3759FAA311EEDB4900C8696F /* SketchEffect.m in Sources */ = {isa = PBXBuildFile; fileRef = 3759FAA211EEDB4900C8696F /* SketchEffect.m */; };
		3759FAB811EEDC6B00C8696F /* paper.jpg in Resources */ = {isa = PBXBuildFile; fileRef = 3759FAB711EEDC6B00C8696F /* paper.jpg */; };
		3759FABA11EEDC7E00C8696F /* sketch.fsh in Resources */ = {isa = PBXBuildFile; fileRef = 3759FAB911EEDC7E00C8696F /* sketch.fsh */; };
		3759FCEA11EF184600C8696F /* SpectrumEffect.m in Sources */ = {isa = PBXBuildFile; fileRef = 3759FCE911EF184600C8696F /* SpectrumEffect.m */; };
		3759FCFB11EF19D700C8696F /* spectrum.fsh in Resources */ = {isa = PBXBuildFile; fileRef = 3759FCE511EF182000C8696F /* spectrum.fsh */; };
		376D146F11DBA1C600ABE14E /* DeviceCamera.m in Sources */ = {isa = PBXBuildFile; fileRef = 376D146C11DBA1C600ABE14E /* DeviceCamera.m */; };
		376D147011DBA1C600ABE14E /* SimulatorCamera.m in Sources */ = {isa = PBXBuildFile; fileRef = 376D146E11DBA1C600ABE14E /* SimulatorCamera.m */; };
		376D149311DBA1E900ABE14E /* basic.fsh in Resources */ = {isa = PBXBuildFile; fileRef = 376D148C11DBA1E900ABE14E /* basic.fsh */; };
		376D149411DBA1E900ABE14E /* basic.vsh in Resources */ = {isa = PBXBuildFile; fileRef = 376D148D11DBA1E900ABE14E /* basic.vsh */; };
		376D154111DDBD5700ABE14E /* Effect.m in Sources */ = {isa = PBXBuildFile; fileRef = 376D154011DDBD5700ABE14E /* Effect.m */; };
		376D16AB11DDCE9800ABE14E /* HeatmapEffect.m in Sources */ = {isa = PBXBuildFile; fileRef = 376D16AA11DDCE9800ABE14E /* HeatmapEffect.m */; };
		377621B911EAEE8400536A63 /* EffectDescription.m in Sources */ = {isa = PBXBuildFile; fileRef = 377621B811EAEE8400536A63 /* EffectDescription.m */; };
		3776223211EAFA8F00536A63 /* UpgradeTeaserView.xib in Resources */ = {isa = PBXBuildFile; fileRef = 3776223111EAFA8F00536A63 /* UpgradeTeaserView.xib */; };
		3776223611EAFBAC00536A63 /* UpgradeTeaserViewController.m in Sources */ = {isa = PBXBuildFile; fileRef = 3776223511EAFBAC00536A63 /* UpgradeTeaserViewController.m */; };
		3776238511EC15CC00536A63 /* leftarrow.png in Resources */ = {isa = PBXBuildFile; fileRef = 3776238211EC15CC00536A63 /* leftarrow.png */; };
		3776238611EC15CC00536A63 /* rightarrow.png in Resources */ = {isa = PBXBuildFile; fileRef = 3776238311EC15CC00536A63 /* rightarrow.png */; };
		3776238711EC15CC00536A63 /* table.png in Resources */ = {isa = PBXBuildFile; fileRef = 3776238411EC15CC00536A63 /* table.png */; };
		377623FD11EC24B800536A63 /* sliderTrack.png in Resources */ = {isa = PBXBuildFile; fileRef = 377623FC11EC24B800536A63 /* sliderTrack.png */; };
		3776245011EC29C900536A63 /* sketch.png in Resources */ = {isa = PBXBuildFile; fileRef = 3776244F11EC29C900536A63 /* sketch.png */; };
		377624D411EC338200536A63 /* cartoon.fsh in Resources */ = {isa = PBXBuildFile; fileRef = 377624D311EC337E00536A63 /* cartoon.fsh */; };
		3776253411EC39ED00536A63 /* emboss.fsh in Resources */ = {isa = PBXBuildFile; fileRef = 3776253311EC39ED00536A63 /* emboss.fsh */; };
		3776257D11EC3D4600536A63 /* ComicEffect.m in Sources */ = {isa = PBXBuildFile; fileRef = 3776257C11EC3D4600536A63 /* ComicEffect.m */; };
		3776259C11EC3EB000536A63 /* comic.fsh in Resources */ = {isa = PBXBuildFile; fileRef = 3776257F11EC3E1000536A63 /* comic.fsh */; };
		377625CA11EC4E8800536A63 /* cameraButton.png in Resources */ = {isa = PBXBuildFile; fileRef = 377625C911EC4E8800536A63 /* cameraButton.png */; };
		377625F011EC59CD00536A63 /* discardButton.png in Resources */ = {isa = PBXBuildFile; fileRef = 377625EE11EC59CD00536A63 /* discardButton.png */; };
		377625F111EC59CD00536A63 /* saveButton.png in Resources */ = {isa = PBXBuildFile; fileRef = 377625EF11EC59CD00536A63 /* saveButton.png */; };
		377D454411E0709300C0AFBE /* PosterizeLUTEffect.m in Sources */ = {isa = PBXBuildFile; fileRef = 377D454311E0709300C0AFBE /* PosterizeLUTEffect.m */; };
		377D464911E0874600C0AFBE /* FilmEffect.m in Sources */ = {isa = PBXBuildFile; fileRef = 377D464811E0874600C0AFBE /* FilmEffect.m */; };
		379752021221DB390051B787 /* MirrorEffect.m in Sources */ = {isa = PBXBuildFile; fileRef = 379752011221DB390051B787 /* MirrorEffect.m */; };
		37975627122380C80051B787 /* cancelButton.png in Resources */ = {isa = PBXBuildFile; fileRef = 37975626122380C80051B787 /* cancelButton.png */; };
		3797564B122386710051B787 /* FBCategories.m in Sources */ = {isa = PBXBuildFile; fileRef = 3797564A122386710051B787 /* FBCategories.m */; };
		379D6CC811ED7E6F005200F1 /* buyButton.png in Resources */ = {isa = PBXBuildFile; fileRef = 379D6CC611ED7E6F005200F1 /* buyButton.png */; };
		379D6CC911ED7E6F005200F1 /* skipButton.png in Resources */ = {isa = PBXBuildFile; fileRef = 379D6CC711ED7E6F005200F1 /* skipButton.png */; };
		379D6D0A11ED8879005200F1 /* Logger.m in Sources */ = {isa = PBXBuildFile; fileRef = 379D6D0911ED8879005200F1 /* Logger.m */; };
		37A06A731218A30800981934 /* ShareView.xib in Resources */ = {isa = PBXBuildFile; fileRef = 37A06A721218A30800981934 /* ShareView.xib */; };
		37A06A821218A7C600981934 /* ShareViewController.m in Sources */ = {isa = PBXBuildFile; fileRef = 37A06A811218A7C600981934 /* ShareViewController.m */; };
		37C019AD11E1692C004C6B1A /* bloom.fsh in Resources */ = {isa = PBXBuildFile; fileRef = 376D148E11DBA1E900ABE14E /* bloom.fsh */; };
		37C019AE11E1692C004C6B1A /* edge.fsh in Resources */ = {isa = PBXBuildFile; fileRef = 376D148F11DBA1E900ABE14E /* edge.fsh */; };
		37C019AF11E1692C004C6B1A /* invert.fsh in Resources */ = {isa = PBXBuildFile; fileRef = 376D149011DBA1E900ABE14E /* invert.fsh */; };
		37C019B111E1692C004C6B1A /* mosaic.fsh in Resources */ = {isa = PBXBuildFile; fileRef = 376D149211DBA1E900ABE14E /* mosaic.fsh */; };
		37C019B211E1692C004C6B1A /* heatmap.fsh in Resources */ = {isa = PBXBuildFile; fileRef = 376D16AD11DDD07300ABE14E /* heatmap.fsh */; };
		37C019B411E1692C004C6B1A /* posterize.fsh in Resources */ = {isa = PBXBuildFile; fileRef = 377D453B11E06FE500C0AFBE /* posterize.fsh */; };
		37C019B511E1692C004C6B1A /* sepia.fsh in Resources */ = {isa = PBXBuildFile; fileRef = 377D45F211E0833400C0AFBE /* sepia.fsh */; };
		37C019B611E1692C004C6B1A /* grayscale.fsh in Resources */ = {isa = PBXBuildFile; fileRef = 377D45F811E083CE00C0AFBE /* grayscale.fsh */; };
		37C019B711E1692C004C6B1A /* film.vsh in Resources */ = {isa = PBXBuildFile; fileRef = 377D46FE11E1336E00C0AFBE /* film.vsh */; };
		37C019B811E1692C004C6B1A /* film.fsh in Resources */ = {isa = PBXBuildFile; fileRef = 377D464411E0872000C0AFBE /* film.fsh */; };
		37C01A5B11E17044004C6B1A /* MotionBlurEffect.m in Sources */ = {isa = PBXBuildFile; fileRef = 37C01A5A11E17044004C6B1A /* MotionBlurEffect.m */; };
		37C01A6011E170B8004C6B1A /* motionblur.fsh in Resources */ = {isa = PBXBuildFile; fileRef = 37C01A5E11E170B4004C6B1A /* motionblur.fsh */; };
		37C01C9911E2DCF5004C6B1A /* EffectSelectorViewController.m in Sources */ = {isa = PBXBuildFile; fileRef = 37C01C9611E2DCF5004C6B1A /* EffectSelectorViewController.m */; };
		37C01C9A11E2DCF5004C6B1A /* RealTimeFxViewController.m in Sources */ = {isa = PBXBuildFile; fileRef = 37C01C9811E2DCF5004C6B1A /* RealTimeFxViewController.m */; };
		37C01CAB11E2DD09004C6B1A /* filmgrain.jpg in Resources */ = {isa = PBXBuildFile; fileRef = 37C01C9D11E2DD09004C6B1A /* filmgrain.jpg */; };
		37C01CAC11E2DD09004C6B1A /* heatmap.png in Resources */ = {isa = PBXBuildFile; fileRef = 37C01C9E11E2DD09004C6B1A /* heatmap.png */; };
		37C01CAD11E2DD09004C6B1A /* posterize.lut in Resources */ = {isa = PBXBuildFile; fileRef = 37C01C9F11E2DD09004C6B1A /* posterize.lut */; };
		37C01CAE11E2DD09004C6B1A /* posterize.png in Resources */ = {isa = PBXBuildFile; fileRef = 37C01CA011E2DD09004C6B1A /* posterize.png */; };
		37C01CB111E2DD09004C6B1A /* EffectSelectorView.xib in Resources */ = {isa = PBXBuildFile; fileRef = 37C01CA411E2DD09004C6B1A /* EffectSelectorView.xib */; };
		37C01CB211E2DD09004C6B1A /* FilmEffectControlView.xib in Resources */ = {isa = PBXBuildFile; fileRef = 37C01CA511E2DD09004C6B1A /* FilmEffectControlView.xib */; };
		37C01CB311E2DD09004C6B1A /* MainWindow.xib in Resources */ = {isa = PBXBuildFile; fileRef = 37C01CA611E2DD09004C6B1A /* MainWindow.xib */; };
		37C01CB511E2DD09004C6B1A /* RealTimeFxView2.xib in Resources */ = {isa = PBXBuildFile; fileRef = 37C01CA811E2DD09004C6B1A /* RealTimeFxView2.xib */; };
		37C01CB611E2DD09004C6B1A /* ThreeEffectTableViewCell.xib in Resources */ = {isa = PBXBuildFile; fileRef = 37C01CA911E2DD09004C6B1A /* ThreeEffectTableViewCell.xib */; };
		37C01CB911E2DD33004C6B1A /* ThreeEffectTableViewCell.m in Sources */ = {isa = PBXBuildFile; fileRef = 37C01CB811E2DD33004C6B1A /* ThreeEffectTableViewCell.m */; };
		37C0203311E43DB7004C6B1A /* iAd.framework in Frameworks */ = {isa = PBXBuildFile; fileRef = 37C0203211E43DB7004C6B1A /* iAd.framework */; };
		37C021D611E63DE5004C6B1A /* FPSCalculator.mm in Sources */ = {isa = PBXBuildFile; fileRef = 37C021D511E63DE5004C6B1A /* FPSCalculator.mm */; };
		37C7A71911E9E5EF005141D3 /* bloom.lut in Resources */ = {isa = PBXBuildFile; fileRef = 37C7A71811E9E5EF005141D3 /* bloom.lut */; };
		37C7A71B11E9E609005141D3 /* BloomEffect.m in Sources */ = {isa = PBXBuildFile; fileRef = 37C7A71A11E9E609005141D3 /* BloomEffect.m */; };
		37C7A7DD11EA8057005141D3 /* StoreKit.framework in Frameworks */ = {isa = PBXBuildFile; fileRef = 37C7A7DC11EA8057005141D3 /* StoreKit.framework */; };
		37C7A7EE11EA8085005141D3 /* Store.m in Sources */ = {isa = PBXBuildFile; fileRef = 37C7A7ED11EA8085005141D3 /* Store.m */; };
		37C9EE671217A0CF0062F334 /* libfacebook_ios_sdk.a in Frameworks */ = {isa = PBXBuildFile; fileRef = 37C9EE661217A0C50062F334 /* libfacebook_ios_sdk.a */; };
		37C9EEC71217BF240062F334 /* FacebookHelper.m in Sources */ = {isa = PBXBuildFile; fileRef = 37C9EEC61217BF240062F334 /* FacebookHelper.m */; };
		37C9EFB21217D0D40062F334 /* TwitterHelper.m in Sources */ = {isa = PBXBuildFile; fileRef = 37C9EFB11217D0D40062F334 /* TwitterHelper.m */; };
		37EEBC4A121BC4A10093E80D /* Watermark.xib in Resources */ = {isa = PBXBuildFile; fileRef = 37EEBC49121BC4A10093E80D /* Watermark.xib */; };
		37EF007711E9BA8600109B61 /* SqueezeEffect.m in Sources */ = {isa = PBXBuildFile; fileRef = 37EF007611E9BA8600109B61 /* SqueezeEffect.m */; };
		37EF00CA11E9BFB600109B61 /* StretchEffect.m in Sources */ = {isa = PBXBuildFile; fileRef = 37EF00C911E9BFB600109B61 /* StretchEffect.m */; };
		37EF016211E9D13500109B61 /* PopArtEffect.m in Sources */ = {isa = PBXBuildFile; fileRef = 37EF016111E9D13500109B61 /* PopArtEffect.m */; };
		37EF016B11E9D1D200109B61 /* popArt.fsh in Resources */ = {isa = PBXBuildFile; fileRef = 37EF016711E9D1CF00109B61 /* popArt.fsh */; };
		37EFFCA311E94D3800109B61 /* CapturePreviewView.xib in Resources */ = {isa = PBXBuildFile; fileRef = 37EFFCA211E94D3800109B61 /* CapturePreviewView.xib */; };
		37EFFCA811E9527500109B61 /* CapturePreviewViewController.m in Sources */ = {isa = PBXBuildFile; fileRef = 37EFFCA711E9527500109B61 /* CapturePreviewViewController.m */; };
		37EFFD7011E964EB00109B61 /* ShellView.xib in Resources */ = {isa = PBXBuildFile; fileRef = 37EFFD6F11E964EB00109B61 /* ShellView.xib */; };
		37EFFD7411E9654F00109B61 /* ShellViewController.m in Sources */ = {isa = PBXBuildFile; fileRef = 37EFFD7311E9654F00109B61 /* ShellViewController.m */; };
		37EFFF6A11E99FEE00109B61 /* squeeze.fsh in Resources */ = {isa = PBXBuildFile; fileRef = 37EFFF6411E99EF500109B61 /* squeeze.fsh */; };
/* End PBXBuildFile section */

/* Begin PBXContainerItemProxy section */
		370333861217E659004B132B /* PBXContainerItemProxy */ = {
			isa = PBXContainerItemProxy;
			containerPortal = 3703336C1217E652004B132B /* PlainOAuth.xcodeproj */;
			proxyType = 2;
			remoteGlobalIDString = 1D6058910D05DD3D006BFB54;
			remoteInfo = PlainOAuth;
		};
		370333881217E659004B132B /* PBXContainerItemProxy */ = {
			isa = PBXContainerItemProxy;
			containerPortal = 3703336C1217E652004B132B /* PlainOAuth.xcodeproj */;
			proxyType = 2;
			remoteGlobalIDString = 37C9F01B1217DD940062F334;
			remoteInfo = OAuth;
		};
		3703338A1217E659004B132B /* PBXContainerItemProxy */ = {
			isa = PBXContainerItemProxy;
			containerPortal = 3703336C1217E652004B132B /* PlainOAuth.xcodeproj */;
			proxyType = 2;
			remoteGlobalIDString = 37C9F1B01217E4130062F334;
			remoteInfo = OAuthResources;
		};
		3703340C1217E8A0004B132B /* PBXContainerItemProxy */ = {
			isa = PBXContainerItemProxy;
			containerPortal = 3703336C1217E652004B132B /* PlainOAuth.xcodeproj */;
			proxyType = 1;
			remoteGlobalIDString = 37C9F01A1217DD940062F334;
			remoteInfo = OAuth;
		};
		3703340E1217E8A0004B132B /* PBXContainerItemProxy */ = {
			isa = PBXContainerItemProxy;
			containerPortal = 3703336C1217E652004B132B /* PlainOAuth.xcodeproj */;
			proxyType = 1;
			remoteGlobalIDString = 37C9F1AF1217E4130062F334;
			remoteInfo = OAuthResources;
		};
		370335A91217F0B9004B132B /* PBXContainerItemProxy */ = {
			isa = PBXContainerItemProxy;
			containerPortal = 370335A51217F0B9004B132B /* SBJson.xcodeproj */;
			proxyType = 2;
			remoteGlobalIDString = D2AAC07E0554694100DB518D;
			remoteInfo = SBJson;
		};
		370335B11217F0E2004B132B /* PBXContainerItemProxy */ = {
			isa = PBXContainerItemProxy;
			containerPortal = 370335A51217F0B9004B132B /* SBJson.xcodeproj */;
			proxyType = 1;
			remoteGlobalIDString = D2AAC07D0554694100DB518D;
			remoteInfo = SBJson;
		};
		37C9EE651217A0C50062F334 /* PBXContainerItemProxy */ = {
			isa = PBXContainerItemProxy;
			containerPortal = 37C9EE5E1217A0C50062F334 /* facebook-ios-sdk.xcodeproj */;
			proxyType = 2;
			remoteGlobalIDString = D2AAC07E0554694100DB518D;
			remoteInfo = "facebook-ios-sdk";
		};
		37C9EEE91217C5D20062F334 /* PBXContainerItemProxy */ = {
			isa = PBXContainerItemProxy;
			containerPortal = 37C9EE5E1217A0C50062F334 /* facebook-ios-sdk.xcodeproj */;
			proxyType = 1;
			remoteGlobalIDString = D2AAC07D0554694100DB518D;
			remoteInfo = "facebook-ios-sdk";
		};
/* End PBXContainerItemProxy section */

/* Begin PBXFileReference section */
		1D30AB110D05D00D00671497 /* Foundation.framework */ = {isa = PBXFileReference; lastKnownFileType = wrapper.framework; name = Foundation.framework; path = System/Library/Frameworks/Foundation.framework; sourceTree = SDKROOT; };
		1D3623240D0F684500981E51 /* AppDelegate.h */ = {isa = PBXFileReference; fileEncoding = 4; lastKnownFileType = sourcecode.c.h; path = AppDelegate.h; sourceTree = "<group>"; };
		1D3623250D0F684500981E51 /* AppDelegate.m */ = {isa = PBXFileReference; fileEncoding = 4; lastKnownFileType = sourcecode.c.objc; path = AppDelegate.m; sourceTree = "<group>"; };
		1DF5F4DF0D08C38300B7A737 /* UIKit.framework */ = {isa = PBXFileReference; lastKnownFileType = wrapper.framework; name = UIKit.framework; path = System/Library/Frameworks/UIKit.framework; sourceTree = SDKROOT; };
		288765A40DF7441C002DB57D /* CoreGraphics.framework */ = {isa = PBXFileReference; lastKnownFileType = wrapper.framework; name = CoreGraphics.framework; path = System/Library/Frameworks/CoreGraphics.framework; sourceTree = SDKROOT; };
		29B97316FDCFA39411CA2CEA /* main.m */ = {isa = PBXFileReference; fileEncoding = 4; lastKnownFileType = sourcecode.c.objc; path = main.m; sourceTree = "<group>"; };
		32CA4F630368D1EE00C91783 /* RealTimeFx_Prefix.pch */ = {isa = PBXFileReference; fileEncoding = 4; lastKnownFileType = sourcecode.c.h; path = RealTimeFx_Prefix.pch; sourceTree = "<group>"; };
		3702740311FD00B1002C341B /* script.js */ = {isa = PBXFileReference; fileEncoding = 4; lastKnownFileType = sourcecode.javascript; path = script.js; sourceTree = "<group>"; };
		3702740511FD00C2002C341B /* takePictures.js */ = {isa = PBXFileReference; fileEncoding = 4; lastKnownFileType = sourcecode.javascript; path = takePictures.js; sourceTree = "<group>"; };
		3702755C11FD254E002C341B /* Cartoon_thumb.png */ = {isa = PBXFileReference; lastKnownFileType = image.png; path = Cartoon_thumb.png; sourceTree = "<group>"; };
		3702755D11FD254E002C341B /* Edge_thumb.png */ = {isa = PBXFileReference; lastKnownFileType = image.png; path = Edge_thumb.png; sourceTree = "<group>"; };
		3702755E11FD254E002C341B /* Emboss_thumb.png */ = {isa = PBXFileReference; lastKnownFileType = image.png; path = Emboss_thumb.png; sourceTree = "<group>"; };
		3702755F11FD254E002C341B /* Glow_thumb.png */ = {isa = PBXFileReference; lastKnownFileType = image.png; path = Glow_thumb.png; sourceTree = "<group>"; };
		3702756311FD254E002C341B /* Motion Blur_thumb.png */ = {isa = PBXFileReference; lastKnownFileType = image.png; path = "Motion Blur_thumb.png"; sourceTree = "<group>"; };
		3702756411FD254E002C341B /* Newspaper_thumb.png */ = {isa = PBXFileReference; lastKnownFileType = image.png; path = Newspaper_thumb.png; sourceTree = "<group>"; };
		3702756611FD254E002C341B /* Posterize_thumb.png */ = {isa = PBXFileReference; lastKnownFileType = image.png; path = Posterize_thumb.png; sourceTree = "<group>"; };
		3702756711FD254E002C341B /* Sepia_thumb.png */ = {isa = PBXFileReference; lastKnownFileType = image.png; path = Sepia_thumb.png; sourceTree = "<group>"; };
		3702756811FD254E002C341B /* Sketch_thumb.png */ = {isa = PBXFileReference; lastKnownFileType = image.png; path = Sketch_thumb.png; sourceTree = "<group>"; };
		3702756911FD254E002C341B /* Spectrum_thumb.png */ = {isa = PBXFileReference; lastKnownFileType = image.png; path = Spectrum_thumb.png; sourceTree = "<group>"; };
		3702756A11FD254E002C341B /* Squeeze_thumb.png */ = {isa = PBXFileReference; lastKnownFileType = image.png; path = Squeeze_thumb.png; sourceTree = "<group>"; };
		3702756B11FD254E002C341B /* Stretch_thumb.png */ = {isa = PBXFileReference; lastKnownFileType = image.png; path = Stretch_thumb.png; sourceTree = "<group>"; };
		3702757E11FD25DD002C341B /* ThumbnailCache.h */ = {isa = PBXFileReference; fileEncoding = 4; lastKnownFileType = sourcecode.c.h; path = ThumbnailCache.h; sourceTree = "<group>"; };
		3702757F11FD25DD002C341B /* ThumbnailCache.m */ = {isa = PBXFileReference; fileEncoding = 4; lastKnownFileType = sourcecode.c.objc; path = ThumbnailCache.m; sourceTree = "<group>"; };
		3702761D11FD48AC002C341B /* Black and White_thumb.png */ = {isa = PBXFileReference; lastKnownFileType = image.png; path = "Black and White_thumb.png"; sourceTree = "<group>"; };
		3702761E11FD48AC002C341B /* Film_thumb.png */ = {isa = PBXFileReference; lastKnownFileType = image.png; path = Film_thumb.png; sourceTree = "<group>"; };
		3702761F11FD48AC002C341B /* Heat Sensor_thumb.png */ = {isa = PBXFileReference; lastKnownFileType = image.png; path = "Heat Sensor_thumb.png"; sourceTree = "<group>"; };
		3702762011FD48AC002C341B /* Negative_thumb.png */ = {isa = PBXFileReference; lastKnownFileType = image.png; path = Negative_thumb.png; sourceTree = "<group>"; };
		3702768711FD61EF002C341B /* Icon_57.png */ = {isa = PBXFileReference; lastKnownFileType = image.png; path = Icon_57.png; sourceTree = "<group>"; };
		370276B311FD70FA002C341B /* toggleCameraButton.png */ = {isa = PBXFileReference; lastKnownFileType = image.png; path = toggleCameraButton.png; sourceTree = "<group>"; };
		37027824120156BF002C341B /* splash.png */ = {isa = PBXFileReference; lastKnownFileType = image.png; name = splash.png; path = Resources/Images/splash.png; sourceTree = "<group>"; };
		37027828120157D1002C341B /* stress.js */ = {isa = PBXFileReference; fileEncoding = 4; lastKnownFileType = sourcecode.javascript; path = stress.js; sourceTree = "<group>"; };
		37027875120162E7002C341B /* FlurryAdDelegate.h */ = {isa = PBXFileReference; fileEncoding = 4; lastKnownFileType = sourcecode.c.h; path = FlurryAdDelegate.h; sourceTree = "<group>"; };
		37027876120162E7002C341B /* FlurryAPI.h */ = {isa = PBXFileReference; fileEncoding = 4; lastKnownFileType = sourcecode.c.h; path = FlurryAPI.h; sourceTree = "<group>"; };
		37027877120162E7002C341B /* libFlurry.a */ = {isa = PBXFileReference; lastKnownFileType = archive.ar; path = libFlurry.a; sourceTree = "<group>"; };
		370278EA12040F30002C341B /* mirror.fsh */ = {isa = PBXFileReference; fileEncoding = 4; lastKnownFileType = sourcecode.glsl; path = mirror.fsh; sourceTree = "<group>"; };
		3702791212041285002C341B /* Mirror_thumb.png */ = {isa = PBXFileReference; lastKnownFileType = image.png; path = Mirror_thumb.png; sourceTree = "<group>"; };
		3702793A12041462002C341B /* None_thumb.png */ = {isa = PBXFileReference; lastKnownFileType = image.png; path = None_thumb.png; sourceTree = "<group>"; };
		37027E5A11DDD68E00B201CD /* PosterizeEffect.m */ = {isa = PBXFileReference; fileEncoding = 4; lastKnownFileType = sourcecode.c.objc; path = PosterizeEffect.m; sourceTree = "<group>"; };
		3703336C1217E652004B132B /* PlainOAuth.xcodeproj */ = {isa = PBXFileReference; lastKnownFileType = "wrapper.pb-project"; name = PlainOAuth.xcodeproj; path = PlainOAuth/PlainOAuth.xcodeproj; sourceTree = "<group>"; };
		370334AD1217EC0F004B132B /* CFNetwork.framework */ = {isa = PBXFileReference; lastKnownFileType = wrapper.framework; name = CFNetwork.framework; path = System/Library/Frameworks/CFNetwork.framework; sourceTree = SDKROOT; };
		370334B31217EC28004B132B /* libz.1.2.3.dylib */ = {isa = PBXFileReference; lastKnownFileType = "compiled.mach-o.dylib"; name = libz.1.2.3.dylib; path = usr/lib/libz.1.2.3.dylib; sourceTree = SDKROOT; };
		370334B71217EC44004B132B /* MobileCoreServices.framework */ = {isa = PBXFileReference; lastKnownFileType = wrapper.framework; name = MobileCoreServices.framework; path = System/Library/Frameworks/MobileCoreServices.framework; sourceTree = SDKROOT; };
		370335A51217F0B9004B132B /* SBJson.xcodeproj */ = {isa = PBXFileReference; lastKnownFileType = "wrapper.pb-project"; name = SBJson.xcodeproj; path = SBJson/SBJson.xcodeproj; sourceTree = "<group>"; };
		371C057511D81A9A001A3C67 /* EffectManager.h */ = {isa = PBXFileReference; fileEncoding = 4; lastKnownFileType = sourcecode.c.h; path = EffectManager.h; sourceTree = "<group>"; };
		371C057611D81A9A001A3C67 /* EffectManager.m */ = {isa = PBXFileReference; fileEncoding = 4; lastKnownFileType = sourcecode.c.objc; path = EffectManager.m; sourceTree = "<group>"; };
		371C081911D84EE1001A3C67 /* AVFoundation.framework */ = {isa = PBXFileReference; lastKnownFileType = wrapper.framework; name = AVFoundation.framework; path = System/Library/Frameworks/AVFoundation.framework; sourceTree = SDKROOT; };
		371C081F11D84EF5001A3C67 /* CoreVideo.framework */ = {isa = PBXFileReference; lastKnownFileType = wrapper.framework; name = CoreVideo.framework; path = System/Library/Frameworks/CoreVideo.framework; sourceTree = SDKROOT; };
		371C087711D850B0001A3C67 /* CoreMedia.framework */ = {isa = PBXFileReference; lastKnownFileType = wrapper.framework; name = CoreMedia.framework; path = System/Library/Frameworks/CoreMedia.framework; sourceTree = SDKROOT; };
		3740CCB5121A5D2E000553D0 /* emailButton.png */ = {isa = PBXFileReference; lastKnownFileType = image.png; path = emailButton.png; sourceTree = "<group>"; };
		3740CCB6121A5D2E000553D0 /* facebookButton.png */ = {isa = PBXFileReference; lastKnownFileType = image.png; path = facebookButton.png; sourceTree = "<group>"; };
		3740CCB7121A5D2E000553D0 /* twitterButton.png */ = {isa = PBXFileReference; lastKnownFileType = image.png; path = twitterButton.png; sourceTree = "<group>"; };
		3740CCC8121A62DD000553D0 /* Watermarker.h */ = {isa = PBXFileReference; fileEncoding = 4; lastKnownFileType = sourcecode.c.h; path = Watermarker.h; sourceTree = "<group>"; };
		3740CCC9121A62DD000553D0 /* Watermarker.m */ = {isa = PBXFileReference; fileEncoding = 4; lastKnownFileType = sourcecode.c.objc; path = Watermarker.m; sourceTree = "<group>"; };
		3740CE15121A816F000553D0 /* SocialInfoViewController.h */ = {isa = PBXFileReference; fileEncoding = 4; lastKnownFileType = sourcecode.c.h; path = SocialInfoViewController.h; sourceTree = "<group>"; };
		3740CE16121A816F000553D0 /* SocialInfoViewController.m */ = {isa = PBXFileReference; fileEncoding = 4; lastKnownFileType = sourcecode.c.objc; path = SocialInfoViewController.m; sourceTree = "<group>"; };
		3740CE1A121A81BF000553D0 /* SocialInfoView.xib */ = {isa = PBXFileReference; lastKnownFileType = file.xib; path = SocialInfoView.xib; sourceTree = "<group>"; };
		3740CF4C121AF806000553D0 /* FBDialog.bundle */ = {isa = PBXFileReference; lastKnownFileType = "wrapper.plug-in"; name = FBDialog.bundle; path = Facebook/iossdk2/src/FBDialog.bundle; sourceTree = "<group>"; };
		3740D031121B6473000553D0 /* MessageUI.framework */ = {isa = PBXFileReference; lastKnownFileType = wrapper.framework; name = MessageUI.framework; path = System/Library/Frameworks/MessageUI.framework; sourceTree = SDKROOT; };
		3740D074121B7315000553D0 /* Version.h */ = {isa = PBXFileReference; fileEncoding = 4; lastKnownFileType = sourcecode.c.h; path = Version.h; sourceTree = "<group>"; };
		3740D153121B7EF3000553D0 /* clearButton.png */ = {isa = PBXFileReference; lastKnownFileType = image.png; path = clearButton.png; sourceTree = "<group>"; };
		3745295D11D750D000F4AB63 /* RenderView.h */ = {isa = PBXFileReference; fileEncoding = 4; lastKnownFileType = sourcecode.c.h; path = RenderView.h; sourceTree = "<group>"; };
		3745295E11D750D000F4AB63 /* RenderView.m */ = {isa = PBXFileReference; fileEncoding = 4; lastKnownFileType = sourcecode.c.objc; path = RenderView.m; sourceTree = "<group>"; };
		3745295F11D750D000F4AB63 /* TextureRenderer.h */ = {isa = PBXFileReference; fileEncoding = 4; lastKnownFileType = sourcecode.c.h; path = TextureRenderer.h; sourceTree = "<group>"; };
		3745296011D750D000F4AB63 /* TextureRenderer.m */ = {isa = PBXFileReference; fileEncoding = 4; lastKnownFileType = sourcecode.c.objc; path = TextureRenderer.m; sourceTree = "<group>"; };
		3745296111D750D000F4AB63 /* ESRenderer.h */ = {isa = PBXFileReference; fileEncoding = 4; lastKnownFileType = sourcecode.c.h; path = ESRenderer.h; sourceTree = "<group>"; };
		3745296211D750D000F4AB63 /* matrix.c */ = {isa = PBXFileReference; fileEncoding = 4; lastKnownFileType = sourcecode.c.c; path = matrix.c; sourceTree = "<group>"; };
		3745296311D750D000F4AB63 /* matrix.h */ = {isa = PBXFileReference; fileEncoding = 4; lastKnownFileType = sourcecode.c.h; path = matrix.h; sourceTree = "<group>"; };
		3745296411D750D000F4AB63 /* Shaders.h */ = {isa = PBXFileReference; fileEncoding = 4; lastKnownFileType = sourcecode.c.h; path = Shaders.h; sourceTree = "<group>"; };
		3745296511D750D000F4AB63 /* Shaders.m */ = {isa = PBXFileReference; fileEncoding = 4; lastKnownFileType = sourcecode.c.objc; path = Shaders.m; sourceTree = "<group>"; };
		3745297311D7510E00F4AB63 /* OpenGLES.framework */ = {isa = PBXFileReference; lastKnownFileType = wrapper.framework; name = OpenGLES.framework; path = System/Library/Frameworks/OpenGLES.framework; sourceTree = SDKROOT; };
		3745298211D7512700F4AB63 /* QuartzCore.framework */ = {isa = PBXFileReference; lastKnownFileType = wrapper.framework; name = QuartzCore.framework; path = System/Library/Frameworks/QuartzCore.framework; sourceTree = SDKROOT; };
		37452B4D11D801B300F4AB63 /* GLUtils.h */ = {isa = PBXFileReference; fileEncoding = 4; lastKnownFileType = sourcecode.c.h; path = GLUtils.h; sourceTree = "<group>"; };
		37452B6A11D802EE00F4AB63 /* GLUtils.c */ = {isa = PBXFileReference; fileEncoding = 4; lastKnownFileType = sourcecode.c.c; path = GLUtils.c; sourceTree = "<group>"; };
		37452BF911D8098D00F4AB63 /* ImageUtils.h */ = {isa = PBXFileReference; fileEncoding = 4; lastKnownFileType = sourcecode.c.h; path = ImageUtils.h; sourceTree = "<group>"; };
		37452BFA11D8099C00F4AB63 /* ImageUtils.m */ = {isa = PBXFileReference; fileEncoding = 4; lastKnownFileType = sourcecode.c.objc; path = ImageUtils.m; sourceTree = "<group>"; };
		3759F93611EEC56B00C8696F /* SystemConfiguration.framework */ = {isa = PBXFileReference; lastKnownFileType = wrapper.framework; name = SystemConfiguration.framework; path = System/Library/Frameworks/SystemConfiguration.framework; sourceTree = SDKROOT; };
		3759F93A11EEC57600C8696F /* MediaPlayer.framework */ = {isa = PBXFileReference; lastKnownFileType = wrapper.framework; name = MediaPlayer.framework; path = System/Library/Frameworks/MediaPlayer.framework; sourceTree = SDKROOT; };
		3759FAA211EEDB4900C8696F /* SketchEffect.m */ = {isa = PBXFileReference; fileEncoding = 4; lastKnownFileType = sourcecode.c.objc; path = SketchEffect.m; sourceTree = "<group>"; };
		3759FAB711EEDC6B00C8696F /* paper.jpg */ = {isa = PBXFileReference; lastKnownFileType = image.jpeg; path = paper.jpg; sourceTree = "<group>"; };
		3759FAB911EEDC7E00C8696F /* sketch.fsh */ = {isa = PBXFileReference; fileEncoding = 4; lastKnownFileType = sourcecode.glsl; path = sketch.fsh; sourceTree = "<group>"; };
		3759FCE511EF182000C8696F /* spectrum.fsh */ = {isa = PBXFileReference; fileEncoding = 4; lastKnownFileType = sourcecode.glsl; path = spectrum.fsh; sourceTree = "<group>"; };
		3759FCE911EF184600C8696F /* SpectrumEffect.m */ = {isa = PBXFileReference; fileEncoding = 4; lastKnownFileType = sourcecode.c.objc; name = SpectrumEffect.m; path = ../SpectrumEffect.m; sourceTree = "<group>"; };
		3767CD4A1204E0AC0018EFF7 /* Entitlements.plist */ = {isa = PBXFileReference; fileEncoding = 4; lastKnownFileType = text.plist.xml; path = Entitlements.plist; sourceTree = "<group>"; };
		3767CF0C120593EE0018EFF7 /* RealTimeFx.app */ = {isa = PBXFileReference; explicitFileType = wrapper.application; includeInIndex = 0; path = RealTimeFx.app; sourceTree = BUILT_PRODUCTS_DIR; };
		376D146A11DBA1C600ABE14E /* Camera.h */ = {isa = PBXFileReference; fileEncoding = 4; lastKnownFileType = sourcecode.c.h; path = Camera.h; sourceTree = "<group>"; };
		376D146B11DBA1C600ABE14E /* DeviceCamera.h */ = {isa = PBXFileReference; fileEncoding = 4; lastKnownFileType = sourcecode.c.h; path = DeviceCamera.h; sourceTree = "<group>"; };
		376D146C11DBA1C600ABE14E /* DeviceCamera.m */ = {isa = PBXFileReference; fileEncoding = 4; lastKnownFileType = sourcecode.c.objc; path = DeviceCamera.m; sourceTree = "<group>"; };
		376D146D11DBA1C600ABE14E /* SimulatorCamera.h */ = {isa = PBXFileReference; fileEncoding = 4; lastKnownFileType = sourcecode.c.h; path = SimulatorCamera.h; sourceTree = "<group>"; };
		376D146E11DBA1C600ABE14E /* SimulatorCamera.m */ = {isa = PBXFileReference; fileEncoding = 4; lastKnownFileType = sourcecode.c.objc; path = SimulatorCamera.m; sourceTree = "<group>"; };
		376D148C11DBA1E900ABE14E /* basic.fsh */ = {isa = PBXFileReference; fileEncoding = 4; lastKnownFileType = sourcecode.glsl; path = basic.fsh; sourceTree = "<group>"; };
		376D148D11DBA1E900ABE14E /* basic.vsh */ = {isa = PBXFileReference; fileEncoding = 4; lastKnownFileType = sourcecode.glsl; path = basic.vsh; sourceTree = "<group>"; };
		376D148E11DBA1E900ABE14E /* bloom.fsh */ = {isa = PBXFileReference; fileEncoding = 4; lastKnownFileType = sourcecode.glsl; path = bloom.fsh; sourceTree = "<group>"; };
		376D148F11DBA1E900ABE14E /* edge.fsh */ = {isa = PBXFileReference; fileEncoding = 4; lastKnownFileType = sourcecode.glsl; path = edge.fsh; sourceTree = "<group>"; };
		376D149011DBA1E900ABE14E /* invert.fsh */ = {isa = PBXFileReference; fileEncoding = 4; lastKnownFileType = sourcecode.glsl; path = invert.fsh; sourceTree = "<group>"; };
		376D149211DBA1E900ABE14E /* mosaic.fsh */ = {isa = PBXFileReference; fileEncoding = 4; lastKnownFileType = sourcecode.glsl; path = mosaic.fsh; sourceTree = "<group>"; };
		376D14AF11DD971F00ABE14E /* Notes */ = {isa = PBXFileReference; fileEncoding = 4; lastKnownFileType = text; path = Notes; sourceTree = "<group>"; };
		376D153F11DDBD5700ABE14E /* Effect.h */ = {isa = PBXFileReference; fileEncoding = 4; lastKnownFileType = sourcecode.c.h; path = Effect.h; sourceTree = "<group>"; };
		376D154011DDBD5700ABE14E /* Effect.m */ = {isa = PBXFileReference; fileEncoding = 4; lastKnownFileType = sourcecode.c.objc; path = Effect.m; sourceTree = "<group>"; };
		376D16AA11DDCE9800ABE14E /* HeatmapEffect.m */ = {isa = PBXFileReference; fileEncoding = 4; lastKnownFileType = sourcecode.c.objc; path = HeatmapEffect.m; sourceTree = "<group>"; };
		376D16AD11DDD07300ABE14E /* heatmap.fsh */ = {isa = PBXFileReference; fileEncoding = 4; lastKnownFileType = sourcecode.glsl; path = heatmap.fsh; sourceTree = "<group>"; };
		377621B711EAEE8400536A63 /* EffectDescription.h */ = {isa = PBXFileReference; fileEncoding = 4; lastKnownFileType = sourcecode.c.h; path = EffectDescription.h; sourceTree = "<group>"; };
		377621B811EAEE8400536A63 /* EffectDescription.m */ = {isa = PBXFileReference; fileEncoding = 4; lastKnownFileType = sourcecode.c.objc; path = EffectDescription.m; sourceTree = "<group>"; };
		3776223111EAFA8F00536A63 /* UpgradeTeaserView.xib */ = {isa = PBXFileReference; lastKnownFileType = file.xib; path = UpgradeTeaserView.xib; sourceTree = "<group>"; };
		3776223411EAFBAC00536A63 /* UpgradeTeaserViewController.h */ = {isa = PBXFileReference; fileEncoding = 4; lastKnownFileType = sourcecode.c.h; path = UpgradeTeaserViewController.h; sourceTree = "<group>"; };
		3776223511EAFBAC00536A63 /* UpgradeTeaserViewController.m */ = {isa = PBXFileReference; fileEncoding = 4; lastKnownFileType = sourcecode.c.objc; path = UpgradeTeaserViewController.m; sourceTree = "<group>"; };
		3776238211EC15CC00536A63 /* leftarrow.png */ = {isa = PBXFileReference; lastKnownFileType = image.png; path = leftarrow.png; sourceTree = "<group>"; };
		3776238311EC15CC00536A63 /* rightarrow.png */ = {isa = PBXFileReference; lastKnownFileType = image.png; path = rightarrow.png; sourceTree = "<group>"; };
		3776238411EC15CC00536A63 /* table.png */ = {isa = PBXFileReference; lastKnownFileType = image.png; path = table.png; sourceTree = "<group>"; };
		377623FC11EC24B800536A63 /* sliderTrack.png */ = {isa = PBXFileReference; lastKnownFileType = image.png; path = sliderTrack.png; sourceTree = "<group>"; };
		3776244F11EC29C900536A63 /* sketch.png */ = {isa = PBXFileReference; lastKnownFileType = image.png; path = sketch.png; sourceTree = "<group>"; };
		377624D311EC337E00536A63 /* cartoon.fsh */ = {isa = PBXFileReference; fileEncoding = 4; lastKnownFileType = sourcecode.glsl; path = cartoon.fsh; sourceTree = "<group>"; };
		3776253311EC39ED00536A63 /* emboss.fsh */ = {isa = PBXFileReference; fileEncoding = 4; lastKnownFileType = sourcecode.glsl; path = emboss.fsh; sourceTree = "<group>"; };
		3776257C11EC3D4600536A63 /* ComicEffect.m */ = {isa = PBXFileReference; fileEncoding = 4; lastKnownFileType = sourcecode.c.objc; path = ComicEffect.m; sourceTree = "<group>"; };
		3776257F11EC3E1000536A63 /* comic.fsh */ = {isa = PBXFileReference; fileEncoding = 4; lastKnownFileType = sourcecode.glsl; path = comic.fsh; sourceTree = "<group>"; };
		377625C911EC4E8800536A63 /* cameraButton.png */ = {isa = PBXFileReference; lastKnownFileType = image.png; path = cameraButton.png; sourceTree = "<group>"; };
		377625EE11EC59CD00536A63 /* discardButton.png */ = {isa = PBXFileReference; lastKnownFileType = image.png; path = discardButton.png; sourceTree = "<group>"; };
		377625EF11EC59CD00536A63 /* saveButton.png */ = {isa = PBXFileReference; lastKnownFileType = image.png; path = saveButton.png; sourceTree = "<group>"; };
		377D453B11E06FE500C0AFBE /* posterize.fsh */ = {isa = PBXFileReference; fileEncoding = 4; lastKnownFileType = sourcecode.glsl; path = posterize.fsh; sourceTree = "<group>"; };
		377D454311E0709300C0AFBE /* PosterizeLUTEffect.m */ = {isa = PBXFileReference; fileEncoding = 4; lastKnownFileType = sourcecode.c.objc; path = PosterizeLUTEffect.m; sourceTree = "<group>"; };
		377D45F211E0833400C0AFBE /* sepia.fsh */ = {isa = PBXFileReference; fileEncoding = 4; lastKnownFileType = sourcecode.glsl; path = sepia.fsh; sourceTree = "<group>"; };
		377D45F811E083CE00C0AFBE /* grayscale.fsh */ = {isa = PBXFileReference; fileEncoding = 4; lastKnownFileType = sourcecode.glsl; path = grayscale.fsh; sourceTree = "<group>"; };
		377D464411E0872000C0AFBE /* film.fsh */ = {isa = PBXFileReference; fileEncoding = 4; lastKnownFileType = sourcecode.glsl; path = film.fsh; sourceTree = "<group>"; };
		377D464811E0874600C0AFBE /* FilmEffect.m */ = {isa = PBXFileReference; fileEncoding = 4; lastKnownFileType = sourcecode.c.objc; path = FilmEffect.m; sourceTree = "<group>"; };
		377D46FE11E1336E00C0AFBE /* film.vsh */ = {isa = PBXFileReference; fileEncoding = 4; lastKnownFileType = sourcecode.glsl; path = film.vsh; sourceTree = "<group>"; };
		379752011221DB390051B787 /* MirrorEffect.m */ = {isa = PBXFileReference; fileEncoding = 4; lastKnownFileType = sourcecode.c.objc; path = MirrorEffect.m; sourceTree = "<group>"; };
		379752C41221F0D40051B787 /* PointillismEffect.mm */ = {isa = PBXFileReference; fileEncoding = 4; lastKnownFileType = sourcecode.cpp.objcpp; path = PointillismEffect.mm; sourceTree = "<group>"; };
		379752E81221F5570051B787 /* pointillism.fsh */ = {isa = PBXFileReference; fileEncoding = 4; lastKnownFileType = sourcecode.glsl; path = pointillism.fsh; sourceTree = "<group>"; };
		37975626122380C80051B787 /* cancelButton.png */ = {isa = PBXFileReference; lastKnownFileType = image.png; path = cancelButton.png; sourceTree = "<group>"; };
		37975649122386710051B787 /* FBCategories.h */ = {isa = PBXFileReference; fileEncoding = 4; lastKnownFileType = sourcecode.c.h; path = FBCategories.h; sourceTree = "<group>"; };
		3797564A122386710051B787 /* FBCategories.m */ = {isa = PBXFileReference; fileEncoding = 4; lastKnownFileType = sourcecode.c.objc; path = FBCategories.m; sourceTree = "<group>"; };
		379D6CC611ED7E6F005200F1 /* buyButton.png */ = {isa = PBXFileReference; lastKnownFileType = image.png; path = buyButton.png; sourceTree = "<group>"; };
		379D6CC711ED7E6F005200F1 /* skipButton.png */ = {isa = PBXFileReference; lastKnownFileType = image.png; path = skipButton.png; sourceTree = "<group>"; };
		379D6D0811ED8879005200F1 /* Logger.h */ = {isa = PBXFileReference; fileEncoding = 4; lastKnownFileType = sourcecode.c.h; path = Logger.h; sourceTree = "<group>"; };
		379D6D0911ED8879005200F1 /* Logger.m */ = {isa = PBXFileReference; fileEncoding = 4; lastKnownFileType = sourcecode.c.objc; path = Logger.m; sourceTree = "<group>"; };
		37A06A721218A30800981934 /* ShareView.xib */ = {isa = PBXFileReference; lastKnownFileType = file.xib; path = ShareView.xib; sourceTree = "<group>"; };
		37A06A801218A7C600981934 /* ShareViewController.h */ = {isa = PBXFileReference; fileEncoding = 4; lastKnownFileType = sourcecode.c.h; path = ShareViewController.h; sourceTree = "<group>"; };
		37A06A811218A7C600981934 /* ShareViewController.m */ = {isa = PBXFileReference; fileEncoding = 4; lastKnownFileType = sourcecode.c.objc; path = ShareViewController.m; sourceTree = "<group>"; };
		37C01A5A11E17044004C6B1A /* MotionBlurEffect.m */ = {isa = PBXFileReference; fileEncoding = 4; lastKnownFileType = sourcecode.c.objc; path = MotionBlurEffect.m; sourceTree = "<group>"; };
		37C01A5E11E170B4004C6B1A /* motionblur.fsh */ = {isa = PBXFileReference; fileEncoding = 4; lastKnownFileType = sourcecode.glsl; path = motionblur.fsh; sourceTree = "<group>"; };
		37C01B8C11E18B97004C6B1A /* FilmEffect.h */ = {isa = PBXFileReference; fileEncoding = 4; lastKnownFileType = sourcecode.c.h; path = FilmEffect.h; sourceTree = "<group>"; };
		37C01C9511E2DCF5004C6B1A /* EffectSelectorViewController.h */ = {isa = PBXFileReference; fileEncoding = 4; lastKnownFileType = sourcecode.c.h; path = EffectSelectorViewController.h; sourceTree = "<group>"; };
		37C01C9611E2DCF5004C6B1A /* EffectSelectorViewController.m */ = {isa = PBXFileReference; fileEncoding = 4; lastKnownFileType = sourcecode.c.objc; path = EffectSelectorViewController.m; sourceTree = "<group>"; };
		37C01C9711E2DCF5004C6B1A /* RealTimeFxViewController.h */ = {isa = PBXFileReference; fileEncoding = 4; lastKnownFileType = sourcecode.c.h; path = RealTimeFxViewController.h; sourceTree = "<group>"; };
		37C01C9811E2DCF5004C6B1A /* RealTimeFxViewController.m */ = {isa = PBXFileReference; fileEncoding = 4; lastKnownFileType = sourcecode.c.objc; path = RealTimeFxViewController.m; sourceTree = "<group>"; };
		37C01C9D11E2DD09004C6B1A /* filmgrain.jpg */ = {isa = PBXFileReference; lastKnownFileType = image.jpeg; path = filmgrain.jpg; sourceTree = "<group>"; };
		37C01C9E11E2DD09004C6B1A /* heatmap.png */ = {isa = PBXFileReference; lastKnownFileType = image.png; path = heatmap.png; sourceTree = "<group>"; };
		37C01C9F11E2DD09004C6B1A /* posterize.lut */ = {isa = PBXFileReference; lastKnownFileType = file; path = posterize.lut; sourceTree = "<group>"; };
		37C01CA011E2DD09004C6B1A /* posterize.png */ = {isa = PBXFileReference; lastKnownFileType = image.png; path = posterize.png; sourceTree = "<group>"; };
		37C01CA411E2DD09004C6B1A /* EffectSelectorView.xib */ = {isa = PBXFileReference; lastKnownFileType = file.xib; path = EffectSelectorView.xib; sourceTree = "<group>"; };
		37C01CA511E2DD09004C6B1A /* FilmEffectControlView.xib */ = {isa = PBXFileReference; lastKnownFileType = file.xib; path = FilmEffectControlView.xib; sourceTree = "<group>"; };
		37C01CA611E2DD09004C6B1A /* MainWindow.xib */ = {isa = PBXFileReference; lastKnownFileType = file.xib; path = MainWindow.xib; sourceTree = "<group>"; };
		37C01CA811E2DD09004C6B1A /* RealTimeFxView2.xib */ = {isa = PBXFileReference; lastKnownFileType = file.xib; path = RealTimeFxView2.xib; sourceTree = "<group>"; };
		37C01CA911E2DD09004C6B1A /* ThreeEffectTableViewCell.xib */ = {isa = PBXFileReference; lastKnownFileType = file.xib; path = ThreeEffectTableViewCell.xib; sourceTree = "<group>"; };
		37C01CB711E2DD33004C6B1A /* ThreeEffectTableViewCell.h */ = {isa = PBXFileReference; fileEncoding = 4; lastKnownFileType = sourcecode.c.h; path = ThreeEffectTableViewCell.h; sourceTree = "<group>"; };
		37C01CB811E2DD33004C6B1A /* ThreeEffectTableViewCell.m */ = {isa = PBXFileReference; fileEncoding = 4; lastKnownFileType = sourcecode.c.objc; path = ThreeEffectTableViewCell.m; sourceTree = "<group>"; };
		37C0203211E43DB7004C6B1A /* iAd.framework */ = {isa = PBXFileReference; lastKnownFileType = wrapper.framework; name = iAd.framework; path = System/Library/Frameworks/iAd.framework; sourceTree = SDKROOT; };
		37C021D411E63DE5004C6B1A /* FPSCalculator.h */ = {isa = PBXFileReference; fileEncoding = 4; lastKnownFileType = sourcecode.c.h; path = FPSCalculator.h; sourceTree = "<group>"; };
		37C021D511E63DE5004C6B1A /* FPSCalculator.mm */ = {isa = PBXFileReference; fileEncoding = 4; lastKnownFileType = sourcecode.cpp.objcpp; path = FPSCalculator.mm; sourceTree = "<group>"; };
		37C7A71811E9E5EF005141D3 /* bloom.lut */ = {isa = PBXFileReference; lastKnownFileType = text; path = bloom.lut; sourceTree = "<group>"; };
		37C7A71A11E9E609005141D3 /* BloomEffect.m */ = {isa = PBXFileReference; fileEncoding = 4; lastKnownFileType = sourcecode.c.objc; path = BloomEffect.m; sourceTree = "<group>"; };
		37C7A7DC11EA8057005141D3 /* StoreKit.framework */ = {isa = PBXFileReference; lastKnownFileType = wrapper.framework; name = StoreKit.framework; path = System/Library/Frameworks/StoreKit.framework; sourceTree = SDKROOT; };
		37C7A7EC11EA8085005141D3 /* Store.h */ = {isa = PBXFileReference; fileEncoding = 4; lastKnownFileType = sourcecode.c.h; path = Store.h; sourceTree = "<group>"; };
		37C7A7ED11EA8085005141D3 /* Store.m */ = {isa = PBXFileReference; fileEncoding = 4; lastKnownFileType = sourcecode.c.objc; path = Store.m; sourceTree = "<group>"; };
		37C9EE5E1217A0C50062F334 /* facebook-ios-sdk.xcodeproj */ = {isa = PBXFileReference; lastKnownFileType = "wrapper.pb-project"; name = "facebook-ios-sdk.xcodeproj"; path = "Facebook/iossdk2/src/facebook-ios-sdk.xcodeproj"; sourceTree = "<group>"; };
		37C9EEC51217BF240062F334 /* FacebookHelper.h */ = {isa = PBXFileReference; fileEncoding = 4; lastKnownFileType = sourcecode.c.h; path = FacebookHelper.h; sourceTree = "<group>"; };
		37C9EEC61217BF240062F334 /* FacebookHelper.m */ = {isa = PBXFileReference; fileEncoding = 4; lastKnownFileType = sourcecode.c.objc; path = FacebookHelper.m; sourceTree = "<group>"; };
		37C9EFB01217D0D40062F334 /* TwitterHelper.h */ = {isa = PBXFileReference; fileEncoding = 4; lastKnownFileType = sourcecode.c.h; path = TwitterHelper.h; sourceTree = "<group>"; };
		37C9EFB11217D0D40062F334 /* TwitterHelper.m */ = {isa = PBXFileReference; fileEncoding = 4; lastKnownFileType = sourcecode.c.objc; path = TwitterHelper.m; sourceTree = "<group>"; };
		37EEBC49121BC4A10093E80D /* Watermark.xib */ = {isa = PBXFileReference; lastKnownFileType = file.xib; path = Watermark.xib; sourceTree = "<group>"; };
		37EF007511E9BA8600109B61 /* SqueezeEffect.h */ = {isa = PBXFileReference; fileEncoding = 4; lastKnownFileType = sourcecode.c.h; path = SqueezeEffect.h; sourceTree = "<group>"; };
		37EF007611E9BA8600109B61 /* SqueezeEffect.m */ = {isa = PBXFileReference; fileEncoding = 4; lastKnownFileType = sourcecode.c.objc; path = SqueezeEffect.m; sourceTree = "<group>"; };
		37EF00C811E9BFB600109B61 /* StretchEffect.h */ = {isa = PBXFileReference; fileEncoding = 4; lastKnownFileType = sourcecode.c.h; path = StretchEffect.h; sourceTree = "<group>"; };
		37EF00C911E9BFB600109B61 /* StretchEffect.m */ = {isa = PBXFileReference; fileEncoding = 4; lastKnownFileType = sourcecode.c.objc; path = StretchEffect.m; sourceTree = "<group>"; };
		37EF016111E9D13500109B61 /* PopArtEffect.m */ = {isa = PBXFileReference; fileEncoding = 4; lastKnownFileType = sourcecode.c.objc; path = PopArtEffect.m; sourceTree = "<group>"; };
		37EF016711E9D1CF00109B61 /* popArt.fsh */ = {isa = PBXFileReference; fileEncoding = 4; lastKnownFileType = sourcecode.glsl; path = popArt.fsh; sourceTree = "<group>"; };
		37EFFCA211E94D3800109B61 /* CapturePreviewView.xib */ = {isa = PBXFileReference; lastKnownFileType = file.xib; path = CapturePreviewView.xib; sourceTree = "<group>"; };
		37EFFCA611E9527500109B61 /* CapturePreviewViewController.h */ = {isa = PBXFileReference; fileEncoding = 4; lastKnownFileType = sourcecode.c.h; path = CapturePreviewViewController.h; sourceTree = "<group>"; };
		37EFFCA711E9527500109B61 /* CapturePreviewViewController.m */ = {isa = PBXFileReference; fileEncoding = 4; lastKnownFileType = sourcecode.c.objc; path = CapturePreviewViewController.m; sourceTree = "<group>"; };
		37EFFD6F11E964EB00109B61 /* ShellView.xib */ = {isa = PBXFileReference; lastKnownFileType = file.xib; path = ShellView.xib; sourceTree = "<group>"; };
		37EFFD7211E9654F00109B61 /* ShellViewController.h */ = {isa = PBXFileReference; fileEncoding = 4; lastKnownFileType = sourcecode.c.h; path = ShellViewController.h; sourceTree = "<group>"; };
		37EFFD7311E9654F00109B61 /* ShellViewController.m */ = {isa = PBXFileReference; fileEncoding = 4; lastKnownFileType = sourcecode.c.objc; path = ShellViewController.m; sourceTree = "<group>"; };
		37EFFF6411E99EF500109B61 /* squeeze.fsh */ = {isa = PBXFileReference; fileEncoding = 4; lastKnownFileType = sourcecode.glsl; path = squeeze.fsh; sourceTree = "<group>"; };
		8D1107310486CEB800E47090 /* RealTimeFx-Info.plist */ = {isa = PBXFileReference; fileEncoding = 4; lastKnownFileType = text.plist.xml; path = "RealTimeFx-Info.plist"; plistStructureDefinitionIdentifier = "com.apple.xcode.plist.structure-definition.iphone.info-plist"; sourceTree = "<group>"; };
/* End PBXFileReference section */

/* Begin PBXFrameworksBuildPhase section */
		1D60588F0D05DD3D006BFB54 /* Frameworks */ = {
			isa = PBXFrameworksBuildPhase;
			buildActionMask = 2147483647;
			files = (
				3740D032121B6473000553D0 /* MessageUI.framework in Frameworks */,
				370335AB1217F0BD004B132B /* libSBJson.a in Frameworks */,
				370334101217E8B5004B132B /* libOAuth.a in Frameworks */,
				37C9EE671217A0CF0062F334 /* libfacebook_ios_sdk.a in Frameworks */,
				3745297411D7510E00F4AB63 /* OpenGLES.framework in Frameworks */,
				1D60589F0D05DD5A006BFB54 /* Foundation.framework in Frameworks */,
				1DF5F4E00D08C38300B7A737 /* UIKit.framework in Frameworks */,
				288765A50DF7441C002DB57D /* CoreGraphics.framework in Frameworks */,
				3745298311D7512700F4AB63 /* QuartzCore.framework in Frameworks */,
				371C081A11D84EE1001A3C67 /* AVFoundation.framework in Frameworks */,
				371C082011D84EF5001A3C67 /* CoreVideo.framework in Frameworks */,
				371C087811D850B0001A3C67 /* CoreMedia.framework in Frameworks */,
				37C0203311E43DB7004C6B1A /* iAd.framework in Frameworks */,
				37C7A7DD11EA8057005141D3 /* StoreKit.framework in Frameworks */,
				3759F93711EEC56B00C8696F /* SystemConfiguration.framework in Frameworks */,
				37027878120162E7002C341B /* libFlurry.a in Frameworks */,
				370334AE1217EC0F004B132B /* CFNetwork.framework in Frameworks */,
				370334B41217EC28004B132B /* libz.1.2.3.dylib in Frameworks */,
				370334B81217EC44004B132B /* MobileCoreServices.framework in Frameworks */,
			);
			runOnlyForDeploymentPostprocessing = 0;
		};
/* End PBXFrameworksBuildPhase section */

/* Begin PBXGroup section */
		080E96DDFE201D6D7F000001 /* Classes */ = {
			isa = PBXGroup;
			children = (
				37C01C9411E2DCF5004C6B1A /* UI */,
				376D153E11DDBD5700ABE14E /* Effects */,
				376D146911DBA1C600ABE14E /* Camera */,
				3745295C11D750D000F4AB63 /* Rendering */,
				1D3623240D0F684500981E51 /* AppDelegate.h */,
				1D3623250D0F684500981E51 /* AppDelegate.m */,
				37452BF911D8098D00F4AB63 /* ImageUtils.h */,
				37452BFA11D8099C00F4AB63 /* ImageUtils.m */,
				37C021D411E63DE5004C6B1A /* FPSCalculator.h */,
				37C021D511E63DE5004C6B1A /* FPSCalculator.mm */,
				37C7A7EC11EA8085005141D3 /* Store.h */,
				37C7A7ED11EA8085005141D3 /* Store.m */,
				379D6D0811ED8879005200F1 /* Logger.h */,
				379D6D0911ED8879005200F1 /* Logger.m */,
				3702757E11FD25DD002C341B /* ThumbnailCache.h */,
				3702757F11FD25DD002C341B /* ThumbnailCache.m */,
				37C9EEC51217BF240062F334 /* FacebookHelper.h */,
				37C9EEC61217BF240062F334 /* FacebookHelper.m */,
				37C9EFB01217D0D40062F334 /* TwitterHelper.h */,
				37C9EFB11217D0D40062F334 /* TwitterHelper.m */,
				3740CCC8121A62DD000553D0 /* Watermarker.h */,
				3740CCC9121A62DD000553D0 /* Watermarker.m */,
				3740D074121B7315000553D0 /* Version.h */,
			);
			path = Classes;
			sourceTree = "<group>";
		};
		19C28FACFE9D520D11CA2CBB /* Products */ = {
			isa = PBXGroup;
			children = (
				3767CF0C120593EE0018EFF7 /* RealTimeFx.app */,
			);
			name = Products;
			sourceTree = "<group>";
		};
		29B97314FDCFA39411CA2CEA /* CustomTemplate */ = {
			isa = PBXGroup;
			children = (
				376D14AF11DD971F00ABE14E /* Notes */,
				3759F92D11EEC55200C8696F /* ext */,
				080E96DDFE201D6D7F000001 /* Classes */,
				29B97315FDCFA39411CA2CEA /* Other Sources */,
				29B97317FDCFA39411CA2CEA /* Resources */,
				3702740211FD00B1002C341B /* Automation */,
				29B97323FDCFA39411CA2CEA /* Frameworks */,
				19C28FACFE9D520D11CA2CBB /* Products */,
				3767CD4A1204E0AC0018EFF7 /* Entitlements.plist */,
			);
			name = CustomTemplate;
			sourceTree = "<group>";
		};
		29B97315FDCFA39411CA2CEA /* Other Sources */ = {
			isa = PBXGroup;
			children = (
				32CA4F630368D1EE00C91783 /* RealTimeFx_Prefix.pch */,
				29B97316FDCFA39411CA2CEA /* main.m */,
			);
			name = "Other Sources";
			sourceTree = "<group>";
		};
		29B97317FDCFA39411CA2CEA /* Resources */ = {
			isa = PBXGroup;
			children = (
				37027824120156BF002C341B /* splash.png */,
				37C01C9B11E2DD09004C6B1A /* Images */,
				37C01CA311E2DD09004C6B1A /* UI */,
				376D148B11DBA1E900ABE14E /* Shaders */,
				8D1107310486CEB800E47090 /* RealTimeFx-Info.plist */,
			);
			name = Resources;
			sourceTree = "<group>";
		};
		29B97323FDCFA39411CA2CEA /* Frameworks */ = {
			isa = PBXGroup;
			children = (
				370334AD1217EC0F004B132B /* CFNetwork.framework */,
				370334B31217EC28004B132B /* libz.1.2.3.dylib */,
				370334B71217EC44004B132B /* MobileCoreServices.framework */,
				3759F93611EEC56B00C8696F /* SystemConfiguration.framework */,
				3759F93A11EEC57600C8696F /* MediaPlayer.framework */,
				37C0203211E43DB7004C6B1A /* iAd.framework */,
				37C7A7DC11EA8057005141D3 /* StoreKit.framework */,
				371C087711D850B0001A3C67 /* CoreMedia.framework */,
				371C081911D84EE1001A3C67 /* AVFoundation.framework */,
				371C081F11D84EF5001A3C67 /* CoreVideo.framework */,
				3745298211D7512700F4AB63 /* QuartzCore.framework */,
				3745297311D7510E00F4AB63 /* OpenGLES.framework */,
				1DF5F4DF0D08C38300B7A737 /* UIKit.framework */,
				1D30AB110D05D00D00671497 /* Foundation.framework */,
				288765A40DF7441C002DB57D /* CoreGraphics.framework */,
				3740D031121B6473000553D0 /* MessageUI.framework */,
			);
			name = Frameworks;
			sourceTree = "<group>";
		};
		3702740211FD00B1002C341B /* Automation */ = {
			isa = PBXGroup;
			children = (
				3702740311FD00B1002C341B /* script.js */,
				3702740511FD00C2002C341B /* takePictures.js */,
				37027828120157D1002C341B /* stress.js */,
			);
			path = Automation;
			sourceTree = "<group>";
		};
		3702751111FD2116002C341B /* EffectThumbnails */ = {
			isa = PBXGroup;
			children = (
				3702793A12041462002C341B /* None_thumb.png */,
				3702791212041285002C341B /* Mirror_thumb.png */,
				3702761D11FD48AC002C341B /* Black and White_thumb.png */,
				3702761E11FD48AC002C341B /* Film_thumb.png */,
				3702761F11FD48AC002C341B /* Heat Sensor_thumb.png */,
				3702762011FD48AC002C341B /* Negative_thumb.png */,
				3702755C11FD254E002C341B /* Cartoon_thumb.png */,
				3702755D11FD254E002C341B /* Edge_thumb.png */,
				3702755E11FD254E002C341B /* Emboss_thumb.png */,
				3702755F11FD254E002C341B /* Glow_thumb.png */,
				3702756311FD254E002C341B /* Motion Blur_thumb.png */,
				3702756411FD254E002C341B /* Newspaper_thumb.png */,
				3702756611FD254E002C341B /* Posterize_thumb.png */,
				3702756711FD254E002C341B /* Sepia_thumb.png */,
				3702756811FD254E002C341B /* Sketch_thumb.png */,
				3702756911FD254E002C341B /* Spectrum_thumb.png */,
				3702756A11FD254E002C341B /* Squeeze_thumb.png */,
				3702756B11FD254E002C341B /* Stretch_thumb.png */,
			);
			path = EffectThumbnails;
			sourceTree = "<group>";
		};
		37027874120162E7002C341B /* FlurryLib */ = {
			isa = PBXGroup;
			children = (
				37027875120162E7002C341B /* FlurryAdDelegate.h */,
				37027876120162E7002C341B /* FlurryAPI.h */,
				37027877120162E7002C341B /* libFlurry.a */,
			);
			path = FlurryLib;
			sourceTree = "<group>";
		};
		370333811217E659004B132B /* Products */ = {
			isa = PBXGroup;
			children = (
				370333871217E659004B132B /* PlainOAuth.app */,
				370333891217E659004B132B /* libOAuth.a */,
				3703338B1217E659004B132B /* OAuthResources.bundle */,
			);
			name = Products;
			sourceTree = "<group>";
		};
		370335A61217F0B9004B132B /* Products */ = {
			isa = PBXGroup;
			children = (
				370335AA1217F0B9004B132B /* libSBJson.a */,
			);
			name = Products;
			sourceTree = "<group>";
		};
		3745295C11D750D000F4AB63 /* Rendering */ = {
			isa = PBXGroup;
			children = (
				3745295D11D750D000F4AB63 /* RenderView.h */,
				3745295E11D750D000F4AB63 /* RenderView.m */,
				3745295F11D750D000F4AB63 /* TextureRenderer.h */,
				3745296011D750D000F4AB63 /* TextureRenderer.m */,
				3745296111D750D000F4AB63 /* ESRenderer.h */,
				3745296211D750D000F4AB63 /* matrix.c */,
				3745296311D750D000F4AB63 /* matrix.h */,
				3745296411D750D000F4AB63 /* Shaders.h */,
				3745296511D750D000F4AB63 /* Shaders.m */,
				37452B4D11D801B300F4AB63 /* GLUtils.h */,
				37452B6A11D802EE00F4AB63 /* GLUtils.c */,
				371C057511D81A9A001A3C67 /* EffectManager.h */,
				371C057611D81A9A001A3C67 /* EffectManager.m */,
			);
			path = Rendering;
			sourceTree = "<group>";
		};
		3759F92D11EEC55200C8696F /* ext */ = {
			isa = PBXGroup;
			children = (
				3740CF4C121AF806000553D0 /* FBDialog.bundle */,
				370335A51217F0B9004B132B /* SBJson.xcodeproj */,
				3703336C1217E652004B132B /* PlainOAuth.xcodeproj */,
				37C9EE5E1217A0C50062F334 /* facebook-ios-sdk.xcodeproj */,
				37027874120162E7002C341B /* FlurryLib */,
				37975649122386710051B787 /* FBCategories.h */,
				3797564A122386710051B787 /* FBCategories.m */,
			);
			path = ext;
			sourceTree = "<group>";
		};
		376D146911DBA1C600ABE14E /* Camera */ = {
			isa = PBXGroup;
			children = (
				376D146A11DBA1C600ABE14E /* Camera.h */,
				376D146B11DBA1C600ABE14E /* DeviceCamera.h */,
				376D146C11DBA1C600ABE14E /* DeviceCamera.m */,
				376D146D11DBA1C600ABE14E /* SimulatorCamera.h */,
				376D146E11DBA1C600ABE14E /* SimulatorCamera.m */,
			);
			path = Camera;
			sourceTree = "<group>";
		};
		376D148B11DBA1E900ABE14E /* Shaders */ = {
			isa = PBXGroup;
			children = (
				376D148C11DBA1E900ABE14E /* basic.fsh */,
				376D148D11DBA1E900ABE14E /* basic.vsh */,
				376D148E11DBA1E900ABE14E /* bloom.fsh */,
				376D148F11DBA1E900ABE14E /* edge.fsh */,
				376D149011DBA1E900ABE14E /* invert.fsh */,
				376D149211DBA1E900ABE14E /* mosaic.fsh */,
				376D16AD11DDD07300ABE14E /* heatmap.fsh */,
				377D453B11E06FE500C0AFBE /* posterize.fsh */,
				377D45F211E0833400C0AFBE /* sepia.fsh */,
				377D45F811E083CE00C0AFBE /* grayscale.fsh */,
				377D46FE11E1336E00C0AFBE /* film.vsh */,
				377D464411E0872000C0AFBE /* film.fsh */,
				37C01A5E11E170B4004C6B1A /* motionblur.fsh */,
				37EFFF6411E99EF500109B61 /* squeeze.fsh */,
				37EF016711E9D1CF00109B61 /* popArt.fsh */,
				377624D311EC337E00536A63 /* cartoon.fsh */,
				3776253311EC39ED00536A63 /* emboss.fsh */,
				3776257F11EC3E1000536A63 /* comic.fsh */,
				3759FAB911EEDC7E00C8696F /* sketch.fsh */,
				3759FCE511EF182000C8696F /* spectrum.fsh */,
				370278EA12040F30002C341B /* mirror.fsh */,
				379752E81221F5570051B787 /* pointillism.fsh */,
			);
			name = Shaders;
			path = Resources/Shaders;
			sourceTree = "<group>";
		};
		376D153E11DDBD5700ABE14E /* Effects */ = {
			isa = PBXGroup;
			children = (
				3759FCE911EF184600C8696F /* SpectrumEffect.m */,
				376D153F11DDBD5700ABE14E /* Effect.h */,
				376D154011DDBD5700ABE14E /* Effect.m */,
				376D16AA11DDCE9800ABE14E /* HeatmapEffect.m */,
				37027E5A11DDD68E00B201CD /* PosterizeEffect.m */,
				377D454311E0709300C0AFBE /* PosterizeLUTEffect.m */,
				37C01B8C11E18B97004C6B1A /* FilmEffect.h */,
				377D464811E0874600C0AFBE /* FilmEffect.m */,
				37C01A5A11E17044004C6B1A /* MotionBlurEffect.m */,
				37EF007511E9BA8600109B61 /* SqueezeEffect.h */,
				37EF007611E9BA8600109B61 /* SqueezeEffect.m */,
				37EF00C811E9BFB600109B61 /* StretchEffect.h */,
				37EF00C911E9BFB600109B61 /* StretchEffect.m */,
				37EF016111E9D13500109B61 /* PopArtEffect.m */,
				37C7A71A11E9E609005141D3 /* BloomEffect.m */,
				377621B711EAEE8400536A63 /* EffectDescription.h */,
				377621B811EAEE8400536A63 /* EffectDescription.m */,
				3776257C11EC3D4600536A63 /* ComicEffect.m */,
				3759FAA211EEDB4900C8696F /* SketchEffect.m */,
				379752011221DB390051B787 /* MirrorEffect.m */,
				379752C41221F0D40051B787 /* PointillismEffect.mm */,
			);
			path = Effects;
			sourceTree = "<group>";
		};
		37C01C9411E2DCF5004C6B1A /* UI */ = {
			isa = PBXGroup;
			children = (
				37C01C9511E2DCF5004C6B1A /* EffectSelectorViewController.h */,
				37C01C9611E2DCF5004C6B1A /* EffectSelectorViewController.m */,
				37C01C9711E2DCF5004C6B1A /* RealTimeFxViewController.h */,
				37C01C9811E2DCF5004C6B1A /* RealTimeFxViewController.m */,
				37C01CB711E2DD33004C6B1A /* ThreeEffectTableViewCell.h */,
				37C01CB811E2DD33004C6B1A /* ThreeEffectTableViewCell.m */,
				37EFFCA611E9527500109B61 /* CapturePreviewViewController.h */,
				37EFFCA711E9527500109B61 /* CapturePreviewViewController.m */,
				37EFFD7211E9654F00109B61 /* ShellViewController.h */,
				37EFFD7311E9654F00109B61 /* ShellViewController.m */,
				3776223411EAFBAC00536A63 /* UpgradeTeaserViewController.h */,
				3776223511EAFBAC00536A63 /* UpgradeTeaserViewController.m */,
				37A06A801218A7C600981934 /* ShareViewController.h */,
				37A06A811218A7C600981934 /* ShareViewController.m */,
				3740CE15121A816F000553D0 /* SocialInfoViewController.h */,
				3740CE16121A816F000553D0 /* SocialInfoViewController.m */,
			);
			path = UI;
			sourceTree = "<group>";
		};
		37C01C9B11E2DD09004C6B1A /* Images */ = {
			isa = PBXGroup;
			children = (
				37975626122380C80051B787 /* cancelButton.png */,
				3740D153121B7EF3000553D0 /* clearButton.png */,
				3740CCB5121A5D2E000553D0 /* emailButton.png */,
				3740CCB6121A5D2E000553D0 /* facebookButton.png */,
				3740CCB7121A5D2E000553D0 /* twitterButton.png */,
				370276B311FD70FA002C341B /* toggleCameraButton.png */,
				3702768711FD61EF002C341B /* Icon_57.png */,
				3702751111FD2116002C341B /* EffectThumbnails */,
				3759FAB711EEDC6B00C8696F /* paper.jpg */,
				379D6CC611ED7E6F005200F1 /* buyButton.png */,
				379D6CC711ED7E6F005200F1 /* skipButton.png */,
				377625EE11EC59CD00536A63 /* discardButton.png */,
				377625EF11EC59CD00536A63 /* saveButton.png */,
				377625C911EC4E8800536A63 /* cameraButton.png */,
				3776244F11EC29C900536A63 /* sketch.png */,
				377623FC11EC24B800536A63 /* sliderTrack.png */,
				3776238211EC15CC00536A63 /* leftarrow.png */,
				3776238311EC15CC00536A63 /* rightarrow.png */,
				3776238411EC15CC00536A63 /* table.png */,
				37C7A71811E9E5EF005141D3 /* bloom.lut */,
				37C01C9D11E2DD09004C6B1A /* filmgrain.jpg */,
				37C01C9E11E2DD09004C6B1A /* heatmap.png */,
				37C01C9F11E2DD09004C6B1A /* posterize.lut */,
				37C01CA011E2DD09004C6B1A /* posterize.png */,
			);
			name = Images;
			path = Resources/Images;
			sourceTree = "<group>";
		};
		37C01CA311E2DD09004C6B1A /* UI */ = {
			isa = PBXGroup;
			children = (
				3740CE1A121A81BF000553D0 /* SocialInfoView.xib */,
				37C01CA411E2DD09004C6B1A /* EffectSelectorView.xib */,
				37C01CA511E2DD09004C6B1A /* FilmEffectControlView.xib */,
				37C01CA611E2DD09004C6B1A /* MainWindow.xib */,
				37C01CA811E2DD09004C6B1A /* RealTimeFxView2.xib */,
				37C01CA911E2DD09004C6B1A /* ThreeEffectTableViewCell.xib */,
				37EFFCA211E94D3800109B61 /* CapturePreviewView.xib */,
				37EFFD6F11E964EB00109B61 /* ShellView.xib */,
				3776223111EAFA8F00536A63 /* UpgradeTeaserView.xib */,
				37A06A721218A30800981934 /* ShareView.xib */,
				37EEBC49121BC4A10093E80D /* Watermark.xib */,
			);
			name = UI;
			path = Resources/UI;
			sourceTree = "<group>";
		};
		37C9EE5F1217A0C50062F334 /* Products */ = {
			isa = PBXGroup;
			children = (
				37C9EE661217A0C50062F334 /* libfacebook_ios_sdk.a */,
			);
			name = Products;
			sourceTree = "<group>";
		};
/* End PBXGroup section */

/* Begin PBXNativeTarget section */
		1D6058900D05DD3D006BFB54 /* RealTimeFx */ = {
			isa = PBXNativeTarget;
			buildConfigurationList = 1D6058960D05DD3E006BFB54 /* Build configuration list for PBXNativeTarget "RealTimeFx" */;
			buildPhases = (
				1D60588D0D05DD3D006BFB54 /* Resources */,
				1D60588E0D05DD3D006BFB54 /* Sources */,
				1D60588F0D05DD3D006BFB54 /* Frameworks */,
			);
			buildRules = (
			);
			dependencies = (
				37C9EEEA1217C5D20062F334 /* PBXTargetDependency */,
				3703340D1217E8A0004B132B /* PBXTargetDependency */,
				3703340F1217E8A0004B132B /* PBXTargetDependency */,
				370335B21217F0E2004B132B /* PBXTargetDependency */,
			);
			name = RealTimeFx;
			productName = RealTimeFx;
			productReference = 3767CF0C120593EE0018EFF7 /* RealTimeFx.app */;
			productType = "com.apple.product-type.application";
		};
/* End PBXNativeTarget section */

/* Begin PBXProject section */
		29B97313FDCFA39411CA2CEA /* Project object */ = {
			isa = PBXProject;
			buildConfigurationList = C01FCF4E08A954540054247B /* Build configuration list for PBXProject "RealTimeFx" */;
			compatibilityVersion = "Xcode 3.1";
			hasScannedForEncodings = 1;
			mainGroup = 29B97314FDCFA39411CA2CEA /* CustomTemplate */;
			projectDirPath = "";
			projectReferences = (
				{
					ProductGroup = 37C9EE5F1217A0C50062F334 /* Products */;
					ProjectRef = 37C9EE5E1217A0C50062F334 /* facebook-ios-sdk.xcodeproj */;
				},
				{
					ProductGroup = 370333811217E659004B132B /* Products */;
					ProjectRef = 3703336C1217E652004B132B /* PlainOAuth.xcodeproj */;
				},
				{
					ProductGroup = 370335A61217F0B9004B132B /* Products */;
					ProjectRef = 370335A51217F0B9004B132B /* SBJson.xcodeproj */;
				},
			);
			projectRoot = "";
			targets = (
				1D6058900D05DD3D006BFB54 /* RealTimeFx */,
			);
		};
/* End PBXProject section */

/* Begin PBXReferenceProxy section */
		370333871217E659004B132B /* PlainOAuth.app */ = {
			isa = PBXReferenceProxy;
			fileType = wrapper.application;
			path = PlainOAuth.app;
			remoteRef = 370333861217E659004B132B /* PBXContainerItemProxy */;
			sourceTree = BUILT_PRODUCTS_DIR;
		};
		370333891217E659004B132B /* libOAuth.a */ = {
			isa = PBXReferenceProxy;
			fileType = archive.ar;
			path = libOAuth.a;
			remoteRef = 370333881217E659004B132B /* PBXContainerItemProxy */;
			sourceTree = BUILT_PRODUCTS_DIR;
		};
		3703338B1217E659004B132B /* OAuthResources.bundle */ = {
			isa = PBXReferenceProxy;
			fileType = wrapper.cfbundle;
			path = OAuthResources.bundle;
			remoteRef = 3703338A1217E659004B132B /* PBXContainerItemProxy */;
			sourceTree = BUILT_PRODUCTS_DIR;
		};
		370335AA1217F0B9004B132B /* libSBJson.a */ = {
			isa = PBXReferenceProxy;
			fileType = archive.ar;
			path = libSBJson.a;
			remoteRef = 370335A91217F0B9004B132B /* PBXContainerItemProxy */;
			sourceTree = BUILT_PRODUCTS_DIR;
		};
		37C9EE661217A0C50062F334 /* libfacebook_ios_sdk.a */ = {
			isa = PBXReferenceProxy;
			fileType = archive.ar;
			path = libfacebook_ios_sdk.a;
			remoteRef = 37C9EE651217A0C50062F334 /* PBXContainerItemProxy */;
			sourceTree = BUILT_PRODUCTS_DIR;
		};
/* End PBXReferenceProxy section */

/* Begin PBXResourcesBuildPhase section */
		1D60588D0D05DD3D006BFB54 /* Resources */ = {
			isa = PBXResourcesBuildPhase;
			buildActionMask = 2147483647;
			files = (
				3740CF4D121AF806000553D0 /* FBDialog.bundle in Resources */,
				370334111217E8B8004B132B /* OAuthResources.bundle in Resources */,
				370278EE1204103D002C341B /* mirror.fsh in Resources */,
				3759FCFB11EF19D700C8696F /* spectrum.fsh in Resources */,
				37EF016B11E9D1D200109B61 /* popArt.fsh in Resources */,
				3776259C11EC3EB000536A63 /* comic.fsh in Resources */,
				37EFFF6A11E99FEE00109B61 /* squeeze.fsh in Resources */,
				37C01A6011E170B8004C6B1A /* motionblur.fsh in Resources */,
				376D149311DBA1E900ABE14E /* basic.fsh in Resources */,
				376D149411DBA1E900ABE14E /* basic.vsh in Resources */,
				377624D411EC338200536A63 /* cartoon.fsh in Resources */,
				37C019AD11E1692C004C6B1A /* bloom.fsh in Resources */,
				37C019AE11E1692C004C6B1A /* edge.fsh in Resources */,
				37C019AF11E1692C004C6B1A /* invert.fsh in Resources */,
				37C019B111E1692C004C6B1A /* mosaic.fsh in Resources */,
				37C019B211E1692C004C6B1A /* heatmap.fsh in Resources */,
				37C019B411E1692C004C6B1A /* posterize.fsh in Resources */,
				37C019B511E1692C004C6B1A /* sepia.fsh in Resources */,
				37C019B611E1692C004C6B1A /* grayscale.fsh in Resources */,
				37C019B711E1692C004C6B1A /* film.vsh in Resources */,
				37C019B811E1692C004C6B1A /* film.fsh in Resources */,
				37C01CAB11E2DD09004C6B1A /* filmgrain.jpg in Resources */,
				37C01CAC11E2DD09004C6B1A /* heatmap.png in Resources */,
				37C01CAD11E2DD09004C6B1A /* posterize.lut in Resources */,
				37C01CAE11E2DD09004C6B1A /* posterize.png in Resources */,
				37C01CB111E2DD09004C6B1A /* EffectSelectorView.xib in Resources */,
				37C01CB211E2DD09004C6B1A /* FilmEffectControlView.xib in Resources */,
				37C01CB311E2DD09004C6B1A /* MainWindow.xib in Resources */,
				37C01CB511E2DD09004C6B1A /* RealTimeFxView2.xib in Resources */,
				37C01CB611E2DD09004C6B1A /* ThreeEffectTableViewCell.xib in Resources */,
				37EFFCA311E94D3800109B61 /* CapturePreviewView.xib in Resources */,
				37EFFD7011E964EB00109B61 /* ShellView.xib in Resources */,
				3776253411EC39ED00536A63 /* emboss.fsh in Resources */,
				37C7A71911E9E5EF005141D3 /* bloom.lut in Resources */,
				3776223211EAFA8F00536A63 /* UpgradeTeaserView.xib in Resources */,
				3776238511EC15CC00536A63 /* leftarrow.png in Resources */,
				3776238611EC15CC00536A63 /* rightarrow.png in Resources */,
				3776238711EC15CC00536A63 /* table.png in Resources */,
				377623FD11EC24B800536A63 /* sliderTrack.png in Resources */,
				3776245011EC29C900536A63 /* sketch.png in Resources */,
				377625CA11EC4E8800536A63 /* cameraButton.png in Resources */,
				377625F011EC59CD00536A63 /* discardButton.png in Resources */,
				377625F111EC59CD00536A63 /* saveButton.png in Resources */,
				379D6CC811ED7E6F005200F1 /* buyButton.png in Resources */,
				3759FABA11EEDC7E00C8696F /* sketch.fsh in Resources */,
				379D6CC911ED7E6F005200F1 /* skipButton.png in Resources */,
				3759FAB811EEDC6B00C8696F /* paper.jpg in Resources */,
				3702756C11FD254E002C341B /* Cartoon_thumb.png in Resources */,
				3702756D11FD254E002C341B /* Edge_thumb.png in Resources */,
				3702756E11FD254E002C341B /* Emboss_thumb.png in Resources */,
				3702756F11FD254E002C341B /* Glow_thumb.png in Resources */,
				3702757311FD254E002C341B /* Motion Blur_thumb.png in Resources */,
				3702757411FD254E002C341B /* Newspaper_thumb.png in Resources */,
				3702757611FD254E002C341B /* Posterize_thumb.png in Resources */,
				3702757711FD254E002C341B /* Sepia_thumb.png in Resources */,
				3702757811FD254E002C341B /* Sketch_thumb.png in Resources */,
				3702757911FD254E002C341B /* Spectrum_thumb.png in Resources */,
				3702757A11FD254E002C341B /* Squeeze_thumb.png in Resources */,
				3702757B11FD254E002C341B /* Stretch_thumb.png in Resources */,
				3702762111FD48AC002C341B /* Black and White_thumb.png in Resources */,
				3702762211FD48AC002C341B /* Film_thumb.png in Resources */,
				3702762311FD48AC002C341B /* Heat Sensor_thumb.png in Resources */,
				3702762411FD48AC002C341B /* Negative_thumb.png in Resources */,
				3702768811FD61EF002C341B /* Icon_57.png in Resources */,
				370276B411FD70FA002C341B /* toggleCameraButton.png in Resources */,
				37027825120156BF002C341B /* splash.png in Resources */,
				3702791312041285002C341B /* Mirror_thumb.png in Resources */,
				3702793B12041462002C341B /* None_thumb.png in Resources */,
				37A06A731218A30800981934 /* ShareView.xib in Resources */,
				3740CCB8121A5D2E000553D0 /* emailButton.png in Resources */,
				3740CCB9121A5D2E000553D0 /* facebookButton.png in Resources */,
				3740CCBA121A5D2E000553D0 /* twitterButton.png in Resources */,
				3740CE1B121A81BF000553D0 /* SocialInfoView.xib in Resources */,
				3740D154121B7EF3000553D0 /* clearButton.png in Resources */,
				37EEBC4A121BC4A10093E80D /* Watermark.xib in Resources */,
				37975627122380C80051B787 /* cancelButton.png in Resources */,
			);
			runOnlyForDeploymentPostprocessing = 0;
		};
/* End PBXResourcesBuildPhase section */

/* Begin PBXSourcesBuildPhase section */
		1D60588E0D05DD3D006BFB54 /* Sources */ = {
			isa = PBXSourcesBuildPhase;
			buildActionMask = 2147483647;
			files = (
				371C092211D86ABF001A3C67 /* TextureRenderer.m in Sources */,
				1D60589B0D05DD56006BFB54 /* main.m in Sources */,
				1D3623260D0F684500981E51 /* AppDelegate.m in Sources */,
				3745296611D750D000F4AB63 /* RenderView.m in Sources */,
				3745296811D750D000F4AB63 /* matrix.c in Sources */,
				3745296911D750D000F4AB63 /* Shaders.m in Sources */,
				37452B6B11D802EE00F4AB63 /* GLUtils.c in Sources */,
				37452BFB11D8099C00F4AB63 /* ImageUtils.m in Sources */,
				371C057711D81A9A001A3C67 /* EffectManager.m in Sources */,
				376D146F11DBA1C600ABE14E /* DeviceCamera.m in Sources */,
				376D147011DBA1C600ABE14E /* SimulatorCamera.m in Sources */,
				376D154111DDBD5700ABE14E /* Effect.m in Sources */,
				376D16AB11DDCE9800ABE14E /* HeatmapEffect.m in Sources */,
				37027E5B11DDD68E00B201CD /* PosterizeEffect.m in Sources */,
				377D454411E0709300C0AFBE /* PosterizeLUTEffect.m in Sources */,
				377D464911E0874600C0AFBE /* FilmEffect.m in Sources */,
				37C01A5B11E17044004C6B1A /* MotionBlurEffect.m in Sources */,
				37C01C9911E2DCF5004C6B1A /* EffectSelectorViewController.m in Sources */,
				37C01C9A11E2DCF5004C6B1A /* RealTimeFxViewController.m in Sources */,
				37C01CB911E2DD33004C6B1A /* ThreeEffectTableViewCell.m in Sources */,
				37C021D611E63DE5004C6B1A /* FPSCalculator.mm in Sources */,
				37EFFCA811E9527500109B61 /* CapturePreviewViewController.m in Sources */,
				37EFFD7411E9654F00109B61 /* ShellViewController.m in Sources */,
				37EF007711E9BA8600109B61 /* SqueezeEffect.m in Sources */,
				37EF00CA11E9BFB600109B61 /* StretchEffect.m in Sources */,
				37EF016211E9D13500109B61 /* PopArtEffect.m in Sources */,
				37C7A71B11E9E609005141D3 /* BloomEffect.m in Sources */,
				37C7A7EE11EA8085005141D3 /* Store.m in Sources */,
				377621B911EAEE8400536A63 /* EffectDescription.m in Sources */,
				3776223611EAFBAC00536A63 /* UpgradeTeaserViewController.m in Sources */,
				3776257D11EC3D4600536A63 /* ComicEffect.m in Sources */,
				379D6D0A11ED8879005200F1 /* Logger.m in Sources */,
				3759FAA311EEDB4900C8696F /* SketchEffect.m in Sources */,
				3759FCEA11EF184600C8696F /* SpectrumEffect.m in Sources */,
				3702758011FD25DD002C341B /* ThumbnailCache.m in Sources */,
				37C9EEC71217BF240062F334 /* FacebookHelper.m in Sources */,
				37C9EFB21217D0D40062F334 /* TwitterHelper.m in Sources */,
				37A06A821218A7C600981934 /* ShareViewController.m in Sources */,
				3740CCCA121A62DD000553D0 /* Watermarker.m in Sources */,
				3740CE18121A816F000553D0 /* SocialInfoViewController.m in Sources */,
				379752021221DB390051B787 /* MirrorEffect.m in Sources */,
				3797564B122386710051B787 /* FBCategories.m in Sources */,
			);
			runOnlyForDeploymentPostprocessing = 0;
		};
/* End PBXSourcesBuildPhase section */

/* Begin PBXTargetDependency section */
		3703340D1217E8A0004B132B /* PBXTargetDependency */ = {
			isa = PBXTargetDependency;
			name = OAuth;
			targetProxy = 3703340C1217E8A0004B132B /* PBXContainerItemProxy */;
		};
		3703340F1217E8A0004B132B /* PBXTargetDependency */ = {
			isa = PBXTargetDependency;
			name = OAuthResources;
			targetProxy = 3703340E1217E8A0004B132B /* PBXContainerItemProxy */;
		};
		370335B21217F0E2004B132B /* PBXTargetDependency */ = {
			isa = PBXTargetDependency;
			name = SBJson;
			targetProxy = 370335B11217F0E2004B132B /* PBXContainerItemProxy */;
		};
		37C9EEEA1217C5D20062F334 /* PBXTargetDependency */ = {
			isa = PBXTargetDependency;
			name = "facebook-ios-sdk";
			targetProxy = 37C9EEE91217C5D20062F334 /* PBXContainerItemProxy */;
		};
/* End PBXTargetDependency section */

/* Begin XCBuildConfiguration section */
		1D6058940D05DD3E006BFB54 /* Debug */ = {
			isa = XCBuildConfiguration;
			buildSettings = {
				ALWAYS_SEARCH_USER_PATHS = NO;
				CODE_SIGN_ENTITLEMENTS = "";
				"CODE_SIGN_IDENTITY[sdk=iphoneos*]" = "iPhone Developer";
				COPY_PHASE_STRIP = NO;
				GCC_DYNAMIC_NO_PIC = NO;
				GCC_OPTIMIZATION_LEVEL = 0;
				GCC_PRECOMPILE_PREFIX_HEADER = YES;
				GCC_PREFIX_HEADER = RealTimeFx_Prefix.pch;
				HEADER_SEARCH_PATHS = (
					"ext/PlainOAuth/build/$(CONFIGURATION)$(EFFECTIVE_PLATFORM_NAME)",
					ext/Facebook/iossdk2/src/,
				);
				INFOPLIST_FILE = "RealTimeFx-Info.plist";
				LIBRARY_SEARCH_PATHS = (
					"$(inherited)",
					"\"$(SRCROOT)/ext/FlurryLib\"",
				);
				OTHER_CFLAGS = "-DDEBUG";
				OTHER_LDFLAGS = "-ObjC";
				PRODUCT_NAME = RealTimeFx;
				"PROVISIONING_PROFILE[sdk=iphoneos*]" = "";
			};
			name = Debug;
		};
		1D6058950D05DD3E006BFB54 /* Release */ = {
			isa = XCBuildConfiguration;
			buildSettings = {
				ALWAYS_SEARCH_USER_PATHS = NO;
				CODE_SIGN_ENTITLEMENTS = "";
				"CODE_SIGN_IDENTITY[sdk=iphoneos*]" = "iPhone Developer";
				COPY_PHASE_STRIP = YES;
				GCC_PRECOMPILE_PREFIX_HEADER = YES;
				GCC_PREFIX_HEADER = RealTimeFx_Prefix.pch;
				HEADER_SEARCH_PATHS = (
					"ext/PlainOAuth/build/$(CONFIGURATION)$(EFFECTIVE_PLATFORM_NAME)",
					ext/Facebook/iossdk2/src/,
				);
				INFOPLIST_FILE = "RealTimeFx-Info.plist";
				LIBRARY_SEARCH_PATHS = (
					"$(inherited)",
					"\"$(SRCROOT)/ext/FlurryLib\"",
				);
				OTHER_LDFLAGS = "-ObjC";
				PRODUCT_NAME = RealTimeFx;
				"PROVISIONING_PROFILE[sdk=iphoneos*]" = "";
				RUN_CLANG_STATIC_ANALYZER = YES;
				VALIDATE_PRODUCT = YES;
			};
			name = Release;
		};
		37027A4E1204DEBD002C341B /* Distribution-AdHoc */ = {
			isa = XCBuildConfiguration;
			buildSettings = {
				ARCHS = "$(ARCHS_STANDARD_32_BIT)";
				"CODE_SIGN_IDENTITY[sdk=iphoneos*]" = "iPhone Developer";
				GCC_C_LANGUAGE_STANDARD = c99;
				GCC_WARN_ABOUT_RETURN_TYPE = YES;
				GCC_WARN_UNUSED_VARIABLE = YES;
				OTHER_CFLAGS = "-DNS_BLOCK_ASSERTIONS=1";
				PREBINDING = NO;
				SDKROOT = iphoneos4.0;
			};
			name = "Distribution-AdHoc";
		};
		37027A4F1204DEBD002C341B /* Distribution-AdHoc */ = {
			isa = XCBuildConfiguration;
			buildSettings = {
				ALWAYS_SEARCH_USER_PATHS = NO;
				CODE_SIGN_ENTITLEMENTS = "~/gitclients/RealTimeFX/Entitlements.plist";
				"CODE_SIGN_IDENTITY[sdk=iphoneos*]" = "iPhone Distribution: Gregory Pascale";
				COPY_PHASE_STRIP = YES;
				GCC_PRECOMPILE_PREFIX_HEADER = YES;
				GCC_PREFIX_HEADER = RealTimeFx_Prefix.pch;
				HEADER_SEARCH_PATHS = (
					"ext/PlainOAuth/build/Release$(EFFECTIVE_PLATFORM_NAME)",
					ext/Facebook/iossdk2/src/,
				);
				INFOPLIST_FILE = "RealTimeFx-Info.plist";
				LIBRARY_SEARCH_PATHS = (
					"$(inherited)",
					"\"$(SRCROOT)/ext/FlurryLib\"",
				);
				OTHER_LDFLAGS = "-ObjC";
				PRODUCT_NAME = RealTimeFx;
				"PROVISIONING_PROFILE[sdk=iphoneos*]" = "0501AE66-7FD3-4D2B-8797-60DA2A01F4E1";
				VALIDATE_PRODUCT = YES;
			};
			name = "Distribution-AdHoc";
		};
		37842C4C11EA8B68000B12C3 /* Distribution-AppStore */ = {
			isa = XCBuildConfiguration;
			buildSettings = {
				ARCHS = "$(ARCHS_STANDARD_32_BIT)";
				"CODE_SIGN_IDENTITY[sdk=iphoneos*]" = "iPhone Developer";
				GCC_C_LANGUAGE_STANDARD = c99;
				GCC_WARN_ABOUT_RETURN_TYPE = YES;
				GCC_WARN_UNUSED_VARIABLE = YES;
				OTHER_CFLAGS = "-DNS_BLOCK_ASSERTIONS=1";
				PREBINDING = NO;
				SDKROOT = iphoneos4.0;
			};
			name = "Distribution-AppStore";
		};
		37842C4D11EA8B68000B12C3 /* Distribution-AppStore */ = {
			isa = XCBuildConfiguration;
			buildSettings = {
				ALWAYS_SEARCH_USER_PATHS = NO;
				CODE_SIGN_ENTITLEMENTS = "";
				"CODE_SIGN_IDENTITY[sdk=iphoneos*]" = "iPhone Distribution: Gregory Pascale";
				COPY_PHASE_STRIP = YES;
				GCC_PRECOMPILE_PREFIX_HEADER = YES;
				GCC_PREFIX_HEADER = RealTimeFx_Prefix.pch;
				HEADER_SEARCH_PATHS = (
					"ext/PlainOAuth/build/Release$(EFFECTIVE_PLATFORM_NAME)",
					ext/Facebook/iossdk2/src/,
				);
				INFOPLIST_FILE = "RealTimeFx-Info.plist";
				LIBRARY_SEARCH_PATHS = (
					"$(inherited)",
					"\"$(SRCROOT)/ext/FlurryLib\"",
				);
				OTHER_LDFLAGS = "-ObjC";
				PRODUCT_NAME = RealTimeFx;
				"PROVISIONING_PROFILE[sdk=iphoneos*]" = "870ECEB3-4B94-455A-9D47-36CE26A17308";
				VALIDATE_PRODUCT = YES;
			};
			name = "Distribution-AppStore";
		};
		C01FCF4F08A954540054247B /* Debug */ = {
			isa = XCBuildConfiguration;
			buildSettings = {
				ARCHS = "$(ARCHS_STANDARD_32_BIT)";
				"CODE_SIGN_IDENTITY[sdk=iphoneos*]" = "iPhone Developer";
				GCC_C_LANGUAGE_STANDARD = c99;
				GCC_WARN_ABOUT_RETURN_TYPE = YES;
				GCC_WARN_UNUSED_VARIABLE = YES;
				PREBINDING = NO;
				SDKROOT = iphoneos4.0;
			};
			name = Debug;
		};
		C01FCF5008A954540054247B /* Release */ = {
			isa = XCBuildConfiguration;
			buildSettings = {
				ARCHS = "$(ARCHS_STANDARD_32_BIT)";
				"CODE_SIGN_IDENTITY[sdk=iphoneos*]" = "iPhone Developer";
				GCC_C_LANGUAGE_STANDARD = c99;
				GCC_WARN_ABOUT_RETURN_TYPE = YES;
				GCC_WARN_UNUSED_VARIABLE = YES;
				OTHER_CFLAGS = "-DNS_BLOCK_ASSERTIONS=1";
				PREBINDING = NO;
				SDKROOT = iphoneos4.0;
			};
			name = Release;
		};
/* End XCBuildConfiguration section */

/* Begin XCConfigurationList section */
		1D6058960D05DD3E006BFB54 /* Build configuration list for PBXNativeTarget "RealTimeFx" */ = {
			isa = XCConfigurationList;
			buildConfigurations = (
				1D6058940D05DD3E006BFB54 /* Debug */,
				1D6058950D05DD3E006BFB54 /* Release */,
				37027A4F1204DEBD002C341B /* Distribution-AdHoc */,
				37842C4D11EA8B68000B12C3 /* Distribution-AppStore */,
			);
			defaultConfigurationIsVisible = 0;
			defaultConfigurationName = Release;
		};
		C01FCF4E08A954540054247B /* Build configuration list for PBXProject "RealTimeFx" */ = {
			isa = XCConfigurationList;
			buildConfigurations = (
				C01FCF4F08A954540054247B /* Debug */,
				C01FCF5008A954540054247B /* Release */,
				37027A4E1204DEBD002C341B /* Distribution-AdHoc */,
				37842C4C11EA8B68000B12C3 /* Distribution-AppStore */,
			);
			defaultConfigurationIsVisible = 0;
			defaultConfigurationName = Release;
		};
/* End XCConfigurationList section */
	};
	rootObject = 29B97313FDCFA39411CA2CEA /* Project object */;
}
