// !$*UTF8*$!
{
	archiveVersion = 1;
	classes = {
	};
	objectVersion = 45;
	objects = {

/* Begin PBXBuildFile section */
		AA747D9F0F9514B9006C5449 /* facebook_ios_sdk_Prefix.pch in Headers */ = {isa = PBXBuildFile; fileRef = AA747D9E0F9514B9006C5449 /* facebook_ios_sdk_Prefix.pch */; };
		AACBBE4A0F95108600F1A2B1 /* Foundation.framework in Frameworks */ = {isa = PBXBuildFile; fileRef = AACBBE490F95108600F1A2B1 /* Foundation.framework */; };
		AEA93B0A11D5293B000A4545 /* FBConnect.h in Headers */ = {isa = PBXBuildFile; fileRef = AEA93B0111D5293B000A4545 /* FBConnect.h */; };
		AEA93B0B11D5293B000A4545 /* FBRequest.h in Headers */ = {isa = PBXBuildFile; fileRef = AEA93B0211D5293B000A4545 /* FBRequest.h */; };
		AEA93B0C11D5293B000A4545 /* FBRequest.m in Sources */ = {isa = PBXBuildFile; fileRef = AEA93B0311D5293B000A4545 /* FBRequest.m */; };
		AEA93B0D11D5293B000A4545 /* Facebook.m in Sources */ = {isa = PBXBuildFile; fileRef = AEA93B0411D5293B000A4545 /* Facebook.m */; };
		AEA93B0E11D5293B000A4545 /* Facebook.h in Headers */ = {isa = PBXBuildFile; fileRef = AEA93B0511D5293B000A4545 /* Facebook.h */; };
		AEA93B0F11D5293B000A4545 /* FBLoginDialog.h in Headers */ = {isa = PBXBuildFile; fileRef = AEA93B0611D5293B000A4545 /* FBLoginDialog.h */; };
		AEA93B1011D5293B000A4545 /* FBLoginDialog.m in Sources */ = {isa = PBXBuildFile; fileRef = AEA93B0711D5293B000A4545 /* FBLoginDialog.m */; };
		AEA93B1111D5293B000A4545 /* FBDialog.h in Headers */ = {isa = PBXBuildFile; fileRef = AEA93B0811D5293B000A4545 /* FBDialog.h */; };
		AEA93B1211D5293B000A4545 /* FBDialog.m in Sources */ = {isa = PBXBuildFile; fileRef = AEA93B0911D5293B000A4545 /* FBDialog.m */; };
/* End PBXBuildFile section */

/* Begin PBXContainerItemProxy section */
		370335411217EF09004B132B /* PBXContainerItemProxy */ = {
			isa = PBXContainerItemProxy;
			containerPortal = 3703353D1217EF09004B132B /* SBJson.xcodeproj */;
			proxyType = 2;
			remoteGlobalIDString = D2AAC07E0554694100DB518D;
			remoteInfo = SBJson;
		};
		370335441217EF39004B132B /* PBXContainerItemProxy */ = {
			isa = PBXContainerItemProxy;
			containerPortal = 3703353D1217EF09004B132B /* SBJson.xcodeproj */;
			proxyType = 1;
			remoteGlobalIDString = D2AAC07D0554694100DB518D;
			remoteInfo = SBJson;
		};
/* End PBXContainerItemProxy section */

/* Begin PBXFileReference section */
		3703353D1217EF09004B132B /* SBJson.xcodeproj */ = {isa = PBXFileReference; lastKnownFileType = "wrapper.pb-project"; name = SBJson.xcodeproj; path = ../../../SBJson/SBJson.xcodeproj; sourceTree = SOURCE_ROOT; };
		AA747D9E0F9514B9006C5449 /* facebook_ios_sdk_Prefix.pch */ = {isa = PBXFileReference; fileEncoding = 4; lastKnownFileType = sourcecode.c.h; path = facebook_ios_sdk_Prefix.pch; sourceTree = SOURCE_ROOT; };
		AACBBE490F95108600F1A2B1 /* Foundation.framework */ = {isa = PBXFileReference; lastKnownFileType = wrapper.framework; name = Foundation.framework; path = System/Library/Frameworks/Foundation.framework; sourceTree = SDKROOT; };
		AE3FC32211F19C18001C05F3 /* FBDialog.bundle */ = {isa = PBXFileReference; lastKnownFileType = "wrapper.plug-in"; path = FBDialog.bundle; sourceTree = "<group>"; };
		AEA93B0111D5293B000A4545 /* FBConnect.h */ = {isa = PBXFileReference; fileEncoding = 4; lastKnownFileType = sourcecode.c.h; path = FBConnect.h; sourceTree = "<group>"; };
		AEA93B0211D5293B000A4545 /* FBRequest.h */ = {isa = PBXFileReference; fileEncoding = 4; lastKnownFileType = sourcecode.c.h; path = FBRequest.h; sourceTree = "<group>"; };
		AEA93B0311D5293B000A4545 /* FBRequest.m */ = {isa = PBXFileReference; fileEncoding = 4; lastKnownFileType = sourcecode.c.objc; path = FBRequest.m; sourceTree = "<group>"; };
		AEA93B0411D5293B000A4545 /* Facebook.m */ = {isa = PBXFileReference; fileEncoding = 4; lastKnownFileType = sourcecode.c.objc; path = Facebook.m; sourceTree = "<group>"; };
		AEA93B0511D5293B000A4545 /* Facebook.h */ = {isa = PBXFileReference; fileEncoding = 4; lastKnownFileType = sourcecode.c.h; path = Facebook.h; sourceTree = "<group>"; };
		AEA93B0611D5293B000A4545 /* FBLoginDialog.h */ = {isa = PBXFileReference; fileEncoding = 4; lastKnownFileType = sourcecode.c.h; path = FBLoginDialog.h; sourceTree = "<group>"; };
		AEA93B0711D5293B000A4545 /* FBLoginDialog.m */ = {isa = PBXFileReference; fileEncoding = 4; lastKnownFileType = sourcecode.c.objc; path = FBLoginDialog.m; sourceTree = "<group>"; };
		AEA93B0811D5293B000A4545 /* FBDialog.h */ = {isa = PBXFileReference; fileEncoding = 4; lastKnownFileType = sourcecode.c.h; path = FBDialog.h; sourceTree = "<group>"; };
		AEA93B0911D5293B000A4545 /* FBDialog.m */ = {isa = PBXFileReference; fileEncoding = 4; lastKnownFileType = sourcecode.c.objc; path = FBDialog.m; sourceTree = "<group>"; };
		D2AAC07E0554694100DB518D /* libfacebook_ios_sdk.a */ = {isa = PBXFileReference; explicitFileType = archive.ar; includeInIndex = 0; path = libfacebook_ios_sdk.a; sourceTree = BUILT_PRODUCTS_DIR; };
/* End PBXFileReference section */

/* Begin PBXFrameworksBuildPhase section */
		D2AAC07C0554694100DB518D /* Frameworks */ = {
			isa = PBXFrameworksBuildPhase;
			buildActionMask = 2147483647;
			files = (
				AACBBE4A0F95108600F1A2B1 /* Foundation.framework in Frameworks */,
			);
			runOnlyForDeploymentPostprocessing = 0;
		};
/* End PBXFrameworksBuildPhase section */

/* Begin PBXGroup section */
		034768DFFF38A50411DB9C8B /* Products */ = {
			isa = PBXGroup;
			children = (
				D2AAC07E0554694100DB518D /* libfacebook_ios_sdk.a */,
			);
			name = Products;
			sourceTree = "<group>";
		};
		0867D691FE84028FC02AAC07 /* facebook-ios-sdk */ = {
			isa = PBXGroup;
			children = (
				3703353D1217EF09004B132B /* SBJson.xcodeproj */,
				08FB77AEFE84172EC02AAC07 /* FBConnect */,
				32C88DFF0371C24200C91783 /* Other Sources */,
				0867D69AFE84028FC02AAC07 /* Frameworks */,
				034768DFFF38A50411DB9C8B /* Products */,
			);
			name = "facebook-ios-sdk";
			sourceTree = "<group>";
		};
		0867D69AFE84028FC02AAC07 /* Frameworks */ = {
			isa = PBXGroup;
			children = (
				AACBBE490F95108600F1A2B1 /* Foundation.framework */,
			);
			name = Frameworks;
			sourceTree = "<group>";
		};
		08FB77AEFE84172EC02AAC07 /* FBConnect */ = {
			isa = PBXGroup;
			children = (
				AE3FC32211F19C18001C05F3 /* FBDialog.bundle */,
				AEA93B0111D5293B000A4545 /* FBConnect.h */,
				AEA93B0211D5293B000A4545 /* FBRequest.h */,
				AEA93B0311D5293B000A4545 /* FBRequest.m */,
				AEA93B0411D5293B000A4545 /* Facebook.m */,
				AEA93B0511D5293B000A4545 /* Facebook.h */,
				AEA93B0611D5293B000A4545 /* FBLoginDialog.h */,
				AEA93B0711D5293B000A4545 /* FBLoginDialog.m */,
				AEA93B0811D5293B000A4545 /* FBDialog.h */,
				AEA93B0911D5293B000A4545 /* FBDialog.m */,
			);
			name = FBConnect;
			sourceTree = "<group>";
		};
		32C88DFF0371C24200C91783 /* Other Sources */ = {
			isa = PBXGroup;
			children = (
				AA747D9E0F9514B9006C5449 /* facebook_ios_sdk_Prefix.pch */,
			);
			name = "Other Sources";
			sourceTree = "<group>";
		};
		3703353E1217EF09004B132B /* Products */ = {
			isa = PBXGroup;
			children = (
				370335421217EF09004B132B /* libSBJson.a */,
			);
			name = Products;
			sourceTree = "<group>";
		};
/* End PBXGroup section */

/* Begin PBXHeadersBuildPhase section */
		D2AAC07A0554694100DB518D /* Headers */ = {
			isa = PBXHeadersBuildPhase;
			buildActionMask = 2147483647;
			files = (
				AA747D9F0F9514B9006C5449 /* facebook_ios_sdk_Prefix.pch in Headers */,
				AEA93B0A11D5293B000A4545 /* FBConnect.h in Headers */,
				AEA93B0B11D5293B000A4545 /* FBRequest.h in Headers */,
				AEA93B0E11D5293B000A4545 /* Facebook.h in Headers */,
				AEA93B0F11D5293B000A4545 /* FBLoginDialog.h in Headers */,
				AEA93B1111D5293B000A4545 /* FBDialog.h in Headers */,
			);
			runOnlyForDeploymentPostprocessing = 0;
		};
/* End PBXHeadersBuildPhase section */

/* Begin PBXNativeTarget section */
		D2AAC07D0554694100DB518D /* facebook-ios-sdk */ = {
			isa = PBXNativeTarget;
			buildConfigurationList = 1DEB921E08733DC00010E9CD /* Build configuration list for PBXNativeTarget "facebook-ios-sdk" */;
			buildPhases = (
				D2AAC07A0554694100DB518D /* Headers */,
				D2AAC07B0554694100DB518D /* Sources */,
				D2AAC07C0554694100DB518D /* Frameworks */,
			);
			buildRules = (
			);
			dependencies = (
				370335451217EF39004B132B /* PBXTargetDependency */,
			);
			name = "facebook-ios-sdk";
			productName = "facebook-ios-sdk";
			productReference = D2AAC07E0554694100DB518D /* libfacebook_ios_sdk.a */;
			productType = "com.apple.product-type.library.static";
		};
/* End PBXNativeTarget section */

/* Begin PBXProject section */
		0867D690FE84028FC02AAC07 /* Project object */ = {
			isa = PBXProject;
			buildConfigurationList = 1DEB922208733DC00010E9CD /* Build configuration list for PBXProject "facebook-ios-sdk" */;
			compatibilityVersion = "Xcode 3.1";
			hasScannedForEncodings = 1;
			mainGroup = 0867D691FE84028FC02AAC07 /* facebook-ios-sdk */;
			productRefGroup = 034768DFFF38A50411DB9C8B /* Products */;
			projectDirPath = "";
			projectReferences = (
				{
					ProductGroup = 3703353E1217EF09004B132B /* Products */;
					ProjectRef = 3703353D1217EF09004B132B /* SBJson.xcodeproj */;
				},
			);
			projectRoot = "";
			targets = (
				D2AAC07D0554694100DB518D /* facebook-ios-sdk */,
			);
		};
/* End PBXProject section */

/* Begin PBXReferenceProxy section */
		370335421217EF09004B132B /* libSBJson.a */ = {
			isa = PBXReferenceProxy;
			fileType = archive.ar;
			path = libSBJson.a;
			remoteRef = 370335411217EF09004B132B /* PBXContainerItemProxy */;
			sourceTree = BUILT_PRODUCTS_DIR;
		};
/* End PBXReferenceProxy section */

/* Begin PBXSourcesBuildPhase section */
		D2AAC07B0554694100DB518D /* Sources */ = {
			isa = PBXSourcesBuildPhase;
			buildActionMask = 2147483647;
			files = (
				AEA93B0C11D5293B000A4545 /* FBRequest.m in Sources */,
				AEA93B0D11D5293B000A4545 /* Facebook.m in Sources */,
				AEA93B1011D5293B000A4545 /* FBLoginDialog.m in Sources */,
				AEA93B1211D5293B000A4545 /* FBDialog.m in Sources */,
			);
			runOnlyForDeploymentPostprocessing = 0;
		};
/* End PBXSourcesBuildPhase section */

/* Begin PBXTargetDependency section */
		370335451217EF39004B132B /* PBXTargetDependency */ = {
			isa = PBXTargetDependency;
			name = SBJson;
			targetProxy = 370335441217EF39004B132B /* PBXContainerItemProxy */;
		};
/* End PBXTargetDependency section */

/* Begin XCBuildConfiguration section */
		1DEB921F08733DC00010E9CD /* Debug */ = {
			isa = XCBuildConfiguration;
			buildSettings = {
				ALWAYS_SEARCH_USER_PATHS = NO;
				ARCHS = "$(ARCHS_STANDARD_32_BIT)";
				COPY_PHASE_STRIP = NO;
				DSTROOT = /tmp/facebook_ios_sdk.dst;
				GCC_DYNAMIC_NO_PIC = NO;
				GCC_ENABLE_FIX_AND_CONTINUE = YES;
				GCC_MODEL_TUNING = G5;
				GCC_OPTIMIZATION_LEVEL = 0;
				GCC_PRECOMPILE_PREFIX_HEADER = YES;
				GCC_PREFIX_HEADER = facebook_ios_sdk_Prefix.pch;
				HEADER_SEARCH_PATHS = ../../../SBJson/src;
				INSTALL_PATH = /usr/local/lib;
				PRODUCT_NAME = facebook_ios_sdk;
			};
			name = Debug;
		};
		1DEB922008733DC00010E9CD /* Release */ = {
			isa = XCBuildConfiguration;
			buildSettings = {
				ALWAYS_SEARCH_USER_PATHS = NO;
				ARCHS = "$(ARCHS_STANDARD_32_BIT)";
				DSTROOT = /tmp/facebook_ios_sdk.dst;
				GCC_MODEL_TUNING = G5;
				GCC_PRECOMPILE_PREFIX_HEADER = YES;
				GCC_PREFIX_HEADER = facebook_ios_sdk_Prefix.pch;
				HEADER_SEARCH_PATHS = ../../../SBJson/src;
				INSTALL_PATH = /usr/local/lib;
				PRODUCT_NAME = facebook_ios_sdk;
			};
			name = Release;
		};
		1DEB922308733DC00010E9CD /* Debug */ = {
			isa = XCBuildConfiguration;
			buildSettings = {
				ARCHS = "$(ARCHS_STANDARD_32_BIT)";
				GCC_C_LANGUAGE_STANDARD = c99;
				GCC_OPTIMIZATION_LEVEL = 0;
				GCC_WARN_ABOUT_RETURN_TYPE = YES;
				GCC_WARN_UNUSED_VARIABLE = YES;
				OTHER_LDFLAGS = "-ObjC";
				PREBINDING = NO;
				SDKROOT = iphoneos3.2;
			};
			name = Debug;
		};
		1DEB922408733DC00010E9CD /* Release */ = {
			isa = XCBuildConfiguration;
			buildSettings = {
				ARCHS = "$(ARCHS_STANDARD_32_BIT)";
				GCC_C_LANGUAGE_STANDARD = c99;
				GCC_WARN_ABOUT_RETURN_TYPE = YES;
				GCC_WARN_UNUSED_VARIABLE = YES;
				OTHER_LDFLAGS = "-ObjC";
				PREBINDING = NO;
				SDKROOT = iphoneos3.2;
			};
			name = Release;
		};
/* End XCBuildConfiguration section */

/* Begin XCConfigurationList section */
		1DEB921E08733DC00010E9CD /* Build configuration list for PBXNativeTarget "facebook-ios-sdk" */ = {
			isa = XCConfigurationList;
			buildConfigurations = (
				1DEB921F08733DC00010E9CD /* Debug */,
				1DEB922008733DC00010E9CD /* Release */,
			);
			defaultConfigurationIsVisible = 0;
			defaultConfigurationName = Release;
		};
		1DEB922208733DC00010E9CD /* Build configuration list for PBXProject "facebook-ios-sdk" */ = {
			isa = XCConfigurationList;
			buildConfigurations = (
				1DEB922308733DC00010E9CD /* Debug */,
				1DEB922408733DC00010E9CD /* Release */,
			);
			defaultConfigurationIsVisible = 0;
			defaultConfigurationName = Release;
		};
/* End XCConfigurationList section */
	};
	rootObject = 0867D690FE84028FC02AAC07 /* Project object */;
}
